// !$*UTF8*$!
{
	archiveVersion = 1;
	classes = {
	};
	objectVersion = 55;
	objects = {

/* Begin PBXBuildFile section */
		FC1C38DB27C66C4B00A24204 /* App.swift in Sources */ = {isa = PBXBuildFile; fileRef = FC1C38DA27C66C4B00A24204 /* App.swift */; };
		FC1C38DF27C66C4D00A24204 /* Assets.xcassets in Resources */ = {isa = PBXBuildFile; fileRef = FC1C38DE27C66C4D00A24204 /* Assets.xcassets */; };
		FC1C38E227C66C4D00A24204 /* Preview Assets.xcassets in Resources */ = {isa = PBXBuildFile; fileRef = FC1C38E127C66C4D00A24204 /* Preview Assets.xcassets */; };
		FC1C38F327C6700A00A24204 /* Presentation.docc in Sources */ = {isa = PBXBuildFile; fileRef = FC1C38F227C6700A00A24204 /* Presentation.docc */; };
		FC1C38F927C6700A00A24204 /* Presentation.framework in Frameworks */ = {isa = PBXBuildFile; fileRef = FC1C38EF27C6700A00A24204 /* Presentation.framework */; };
		FC1C390027C6700A00A24204 /* PresentationTests.swift in Sources */ = {isa = PBXBuildFile; fileRef = FC1C38FF27C6700A00A24204 /* PresentationTests.swift */; };
		FC1C390127C6700A00A24204 /* Presentation.h in Headers */ = {isa = PBXBuildFile; fileRef = FC1C38F127C6700A00A24204 /* Presentation.h */; settings = {ATTRIBUTES = (Public, ); }; };
		FC1C390427C6700A00A24204 /* Presentation.framework in Frameworks */ = {isa = PBXBuildFile; fileRef = FC1C38EF27C6700A00A24204 /* Presentation.framework */; };
		FC1C390527C6700A00A24204 /* Presentation.framework in Embed Frameworks */ = {isa = PBXBuildFile; fileRef = FC1C38EF27C6700A00A24204 /* Presentation.framework */; settings = {ATTRIBUTES = (CodeSignOnCopy, RemoveHeadersOnCopy, ); }; };
		FC1C391627C6701800A24204 /* Application.docc in Sources */ = {isa = PBXBuildFile; fileRef = FC1C391527C6701800A24204 /* Application.docc */; };
		FC1C391C27C6701800A24204 /* Application.framework in Frameworks */ = {isa = PBXBuildFile; fileRef = FC1C391227C6701800A24204 /* Application.framework */; };
		FC1C392327C6701800A24204 /* ApplicationTests.swift in Sources */ = {isa = PBXBuildFile; fileRef = FC1C392227C6701800A24204 /* ApplicationTests.swift */; };
		FC1C392427C6701800A24204 /* Application.h in Headers */ = {isa = PBXBuildFile; fileRef = FC1C391427C6701800A24204 /* Application.h */; settings = {ATTRIBUTES = (Public, ); }; };
		FC1C392727C6701800A24204 /* Application.framework in Frameworks */ = {isa = PBXBuildFile; fileRef = FC1C391227C6701800A24204 /* Application.framework */; };
		FC1C392827C6701800A24204 /* Application.framework in Embed Frameworks */ = {isa = PBXBuildFile; fileRef = FC1C391227C6701800A24204 /* Application.framework */; settings = {ATTRIBUTES = (CodeSignOnCopy, RemoveHeadersOnCopy, ); }; };
		FC1C393827C6703600A24204 /* Domain.docc in Sources */ = {isa = PBXBuildFile; fileRef = FC1C393727C6703600A24204 /* Domain.docc */; };
		FC1C393E27C6703600A24204 /* Domain.framework in Frameworks */ = {isa = PBXBuildFile; fileRef = FC1C393427C6703600A24204 /* Domain.framework */; };
		FC1C394527C6703600A24204 /* DomainTests.swift in Sources */ = {isa = PBXBuildFile; fileRef = FC1C394427C6703600A24204 /* DomainTests.swift */; };
		FC1C394627C6703600A24204 /* Domain.h in Headers */ = {isa = PBXBuildFile; fileRef = FC1C393627C6703600A24204 /* Domain.h */; settings = {ATTRIBUTES = (Public, ); }; };
		FC1C394927C6703600A24204 /* Domain.framework in Frameworks */ = {isa = PBXBuildFile; fileRef = FC1C393427C6703600A24204 /* Domain.framework */; };
		FC1C394A27C6703600A24204 /* Domain.framework in Embed Frameworks */ = {isa = PBXBuildFile; fileRef = FC1C393427C6703600A24204 /* Domain.framework */; settings = {ATTRIBUTES = (CodeSignOnCopy, RemoveHeadersOnCopy, ); }; };
		FC1C395A27C6704600A24204 /* Infrastructure.docc in Sources */ = {isa = PBXBuildFile; fileRef = FC1C395927C6704600A24204 /* Infrastructure.docc */; };
		FC1C396027C6704700A24204 /* Infrastructure.framework in Frameworks */ = {isa = PBXBuildFile; fileRef = FC1C395627C6704600A24204 /* Infrastructure.framework */; };
		FC1C396727C6704700A24204 /* InfrastructureTests.swift in Sources */ = {isa = PBXBuildFile; fileRef = FC1C396627C6704700A24204 /* InfrastructureTests.swift */; };
		FC1C396827C6704700A24204 /* Infrastructure.h in Headers */ = {isa = PBXBuildFile; fileRef = FC1C395827C6704600A24204 /* Infrastructure.h */; settings = {ATTRIBUTES = (Public, ); }; };
		FC1C396B27C6704700A24204 /* Infrastructure.framework in Frameworks */ = {isa = PBXBuildFile; fileRef = FC1C395627C6704600A24204 /* Infrastructure.framework */; };
		FC1C396C27C6704700A24204 /* Infrastructure.framework in Embed Frameworks */ = {isa = PBXBuildFile; fileRef = FC1C395627C6704600A24204 /* Infrastructure.framework */; settings = {ATTRIBUTES = (CodeSignOnCopy, RemoveHeadersOnCopy, ); }; };
		FC1C397427C6706400A24204 /* Domain.framework in Frameworks */ = {isa = PBXBuildFile; fileRef = FC1C393427C6703600A24204 /* Domain.framework */; };
		FC1C397527C6706400A24204 /* Domain.framework in Embed Frameworks */ = {isa = PBXBuildFile; fileRef = FC1C393427C6703600A24204 /* Domain.framework */; settings = {ATTRIBUTES = (CodeSignOnCopy, RemoveHeadersOnCopy, ); }; };
		FC1C397927C6709100A24204 /* Domain.framework in Frameworks */ = {isa = PBXBuildFile; fileRef = FC1C393427C6703600A24204 /* Domain.framework */; };
		FC1C397A27C6709100A24204 /* Domain.framework in Embed Frameworks */ = {isa = PBXBuildFile; fileRef = FC1C393427C6703600A24204 /* Domain.framework */; settings = {ATTRIBUTES = (CodeSignOnCopy, RemoveHeadersOnCopy, ); }; };
		FC1C397D27C6709100A24204 /* Infrastructure.framework in Frameworks */ = {isa = PBXBuildFile; fileRef = FC1C395627C6704600A24204 /* Infrastructure.framework */; };
		FC1C397E27C6709100A24204 /* Infrastructure.framework in Embed Frameworks */ = {isa = PBXBuildFile; fileRef = FC1C395627C6704600A24204 /* Infrastructure.framework */; settings = {ATTRIBUTES = (CodeSignOnCopy, RemoveHeadersOnCopy, ); }; };
		FC1C398227C6709900A24204 /* Application.framework in Frameworks */ = {isa = PBXBuildFile; fileRef = FC1C391227C6701800A24204 /* Application.framework */; };
		FC1C398327C6709900A24204 /* Application.framework in Embed Frameworks */ = {isa = PBXBuildFile; fileRef = FC1C391227C6701800A24204 /* Application.framework */; settings = {ATTRIBUTES = (CodeSignOnCopy, RemoveHeadersOnCopy, ); }; };
		FC1C398A27C676D400A24204 /* RepoListView.swift in Sources */ = {isa = PBXBuildFile; fileRef = FC1C398927C676D400A24204 /* RepoListView.swift */; };
		FC1C398D27C6771E00A24204 /* RepoListRow.swift in Sources */ = {isa = PBXBuildFile; fileRef = FC1C398C27C6771E00A24204 /* RepoListRow.swift */; };
		FC1C399127C677A600A24204 /* AppPreview.swift in Sources */ = {isa = PBXBuildFile; fileRef = FC1C399027C677A600A24204 /* AppPreview.swift */; };
		FC1C399427C677DC00A24204 /* Bundle+.swift in Sources */ = {isa = PBXBuildFile; fileRef = FC1C399327C677DC00A24204 /* Bundle+.swift */; };
		FC1C399827C67A0000A24204 /* Assets.xcassets in Resources */ = {isa = PBXBuildFile; fileRef = FC1C399727C67A0000A24204 /* Assets.xcassets */; };
		FC1C399A27C67ADA00A24204 /* Color+.swift in Sources */ = {isa = PBXBuildFile; fileRef = FC1C399927C67ADA00A24204 /* Color+.swift */; };
		FC1C39A127C67D3F00A24204 /* RepoListActionCreator.swift in Sources */ = {isa = PBXBuildFile; fileRef = FC1C399D27C67D3E00A24204 /* RepoListActionCreator.swift */; };
		FC1C39A227C67D3F00A24204 /* RepoListDispatcher.swift in Sources */ = {isa = PBXBuildFile; fileRef = FC1C399E27C67D3E00A24204 /* RepoListDispatcher.swift */; };
		FC1C39A327C67D3F00A24204 /* RepoListAction.swift in Sources */ = {isa = PBXBuildFile; fileRef = FC1C399F27C67D3E00A24204 /* RepoListAction.swift */; };
		FC1C39A427C67D3F00A24204 /* RepoListStore.swift in Sources */ = {isa = PBXBuildFile; fileRef = FC1C39A027C67D3E00A24204 /* RepoListStore.swift */; };
		FC1C39C327C67DC500A24204 /* APIError.swift in Sources */ = {isa = PBXBuildFile; fileRef = FC1C39B627C67DC500A24204 /* APIError.swift */; };
		FC1C39C427C67DC500A24204 /* Error+.swift in Sources */ = {isa = PBXBuildFile; fileRef = FC1C39B927C67DC500A24204 /* Error+.swift */; };
		FC1C39D227C67E4200A24204 /* UserEntity.swift in Sources */ = {isa = PBXBuildFile; fileRef = FC1C39C627C67E4200A24204 /* UserEntity.swift */; };
		FC1C39D327C67E4200A24204 /* UserRepositoryProviding.swift in Sources */ = {isa = PBXBuildFile; fileRef = FC1C39C927C67E4200A24204 /* UserRepositoryProviding.swift */; };
		FC1C39D427C67E4200A24204 /* UserAggregateRoot.swift in Sources */ = {isa = PBXBuildFile; fileRef = FC1C39CA27C67E4200A24204 /* UserAggregateRoot.swift */; };
		FC1C39D727C67E4200A24204 /* RepoRepositoryProviding.swift in Sources */ = {isa = PBXBuildFile; fileRef = FC1C39CF27C67E4200A24204 /* RepoRepositoryProviding.swift */; };
		FC1C39D827C67E4200A24204 /* RepoAggregateRoot.swift in Sources */ = {isa = PBXBuildFile; fileRef = FC1C39D027C67E4200A24204 /* RepoAggregateRoot.swift */; };
		FC1C39D927C67E4200A24204 /* RepoEntity.swift in Sources */ = {isa = PBXBuildFile; fileRef = FC1C39D127C67E4200A24204 /* RepoEntity.swift */; };
		FC1C3A0427C67EAE00A24204 /* UserRepository.swift in Sources */ = {isa = PBXBuildFile; fileRef = FC1C39E727C67EAD00A24204 /* UserRepository.swift */; };
		FC1C3A0627C67EAE00A24204 /* RepoRepository.swift in Sources */ = {isa = PBXBuildFile; fileRef = FC1C39EB27C67EAD00A24204 /* RepoRepository.swift */; };
		FC1C3A0727C67EAE00A24204 /* SearchRepositoryResponse.swift in Sources */ = {isa = PBXBuildFile; fileRef = FC1C39EF27C67EAD00A24204 /* SearchRepositoryResponse.swift */; };
		FC1C3A0827C67EAE00A24204 /* SearchRepositoryRequest.swift in Sources */ = {isa = PBXBuildFile; fileRef = FC1C39F027C67EAD00A24204 /* SearchRepositoryRequest.swift */; };
		FC1C3A0927C67EAE00A24204 /* SearchUserRequest.swift in Sources */ = {isa = PBXBuildFile; fileRef = FC1C39F227C67EAD00A24204 /* SearchUserRequest.swift */; };
		FC1C3A0A27C67EAE00A24204 /* SearchUserResponse.swift in Sources */ = {isa = PBXBuildFile; fileRef = FC1C39F327C67EAD00A24204 /* SearchUserResponse.swift */; };
		FC1C3A0B27C67EAE00A24204 /* GitHubUser.swift in Sources */ = {isa = PBXBuildFile; fileRef = FC1C39F627C67EAD00A24204 /* GitHubUser.swift */; };
		FC1C3A0C27C67EAE00A24204 /* GitHubRepository.swift in Sources */ = {isa = PBXBuildFile; fileRef = FC1C39F727C67EAD00A24204 /* GitHubRepository.swift */; };
		FC1C3A0D27C67EAE00A24204 /* Array+.swift in Sources */ = {isa = PBXBuildFile; fileRef = FC1C39FA27C67EAE00A24204 /* Array+.swift */; };
		FC1C3A0E27C67EAE00A24204 /* APIError.swift in Sources */ = {isa = PBXBuildFile; fileRef = FC1C39FC27C67EAE00A24204 /* APIError.swift */; };
		FC1C3A0F27C67EAE00A24204 /* APIRequestable.swift in Sources */ = {isa = PBXBuildFile; fileRef = FC1C39FD27C67EAE00A24204 /* APIRequestable.swift */; };
		FC1C3A1027C67EAE00A24204 /* APIClient.swift in Sources */ = {isa = PBXBuildFile; fileRef = FC1C39FE27C67EAE00A24204 /* APIClient.swift */; };
		FC1C3A1127C67EAE00A24204 /* APIResponse.swift in Sources */ = {isa = PBXBuildFile; fileRef = FC1C39FF27C67EAE00A24204 /* APIResponse.swift */; };
		FC1C3A2327C6808000A24204 /* Kingfisher in Frameworks */ = {isa = PBXBuildFile; productRef = FC1C3A2227C6808000A24204 /* Kingfisher */; };
		FC1C3A2627C6809000A24204 /* Json in Frameworks */ = {isa = PBXBuildFile; productRef = FC1C3A2527C6809000A24204 /* Json */; };
		FC1C3A2827C6809000A24204 /* Request in Frameworks */ = {isa = PBXBuildFile; productRef = FC1C3A2727C6809000A24204 /* Request */; };
		FC1C3A2E27C6815C00A24204 /* SearchNavigation.swift in Sources */ = {isa = PBXBuildFile; fileRef = FC1C3A2D27C6815C00A24204 /* SearchNavigation.swift */; };
		FC1C3A3427C681E700A24204 /* Json in Frameworks */ = {isa = PBXBuildFile; productRef = FC1C3A3327C681E700A24204 /* Json */; };
		FC1C3A3627C681E700A24204 /* Request in Frameworks */ = {isa = PBXBuildFile; productRef = FC1C3A3527C681E700A24204 /* Request */; };
		FC1C3A3827C6826B00A24204 /* View+.swift in Sources */ = {isa = PBXBuildFile; fileRef = FC1C3A3727C6826B00A24204 /* View+.swift */; };
		FC1C3A4427C6843500A24204 /* Localizable.strings in Resources */ = {isa = PBXBuildFile; fileRef = FC1C3A4627C6843500A24204 /* Localizable.strings */; };
		FC1C3A4B27C6939500A24204 /* Injected in Frameworks */ = {isa = PBXBuildFile; productRef = FC1C3A4A27C6939500A24204 /* Injected */; };
		FC1C3A4D27C693A600A24204 /* Injected in Frameworks */ = {isa = PBXBuildFile; productRef = FC1C3A4C27C693A600A24204 /* Injected */; };
		FC1C3A4F27C693AC00A24204 /* Injected in Frameworks */ = {isa = PBXBuildFile; productRef = FC1C3A4E27C693AC00A24204 /* Injected */; };
		FC1C3A5127C6959800A24204 /* InjectedValues+.swift in Sources */ = {isa = PBXBuildFile; fileRef = FC1C3A5027C6959800A24204 /* InjectedValues+.swift */; };
		FC1C3A5327C695CE00A24204 /* InjectedValues+.swift in Sources */ = {isa = PBXBuildFile; fileRef = FC1C3A5227C695CE00A24204 /* InjectedValues+.swift */; };
		FC1C3A5527C6961200A24204 /* InjectedValues+.swift in Sources */ = {isa = PBXBuildFile; fileRef = FC1C3A5427C6961200A24204 /* InjectedValues+.swift */; };
/* End PBXBuildFile section */

/* Begin PBXContainerItemProxy section */
		FC1C38FA27C6700A00A24204 /* PBXContainerItemProxy */ = {
			isa = PBXContainerItemProxy;
			containerPortal = FC1C38CF27C66C4B00A24204 /* Project object */;
			proxyType = 1;
			remoteGlobalIDString = FC1C38EE27C6700A00A24204;
			remoteInfo = Presentation;
		};
		FC1C38FC27C6700A00A24204 /* PBXContainerItemProxy */ = {
			isa = PBXContainerItemProxy;
			containerPortal = FC1C38CF27C66C4B00A24204 /* Project object */;
			proxyType = 1;
			remoteGlobalIDString = FC1C38D627C66C4B00A24204;
			remoteInfo = SwiftUIApp;
		};
		FC1C390227C6700A00A24204 /* PBXContainerItemProxy */ = {
			isa = PBXContainerItemProxy;
			containerPortal = FC1C38CF27C66C4B00A24204 /* Project object */;
			proxyType = 1;
			remoteGlobalIDString = FC1C38EE27C6700A00A24204;
			remoteInfo = Presentation;
		};
		FC1C391D27C6701800A24204 /* PBXContainerItemProxy */ = {
			isa = PBXContainerItemProxy;
			containerPortal = FC1C38CF27C66C4B00A24204 /* Project object */;
			proxyType = 1;
			remoteGlobalIDString = FC1C391127C6701800A24204;
			remoteInfo = Application;
		};
		FC1C391F27C6701800A24204 /* PBXContainerItemProxy */ = {
			isa = PBXContainerItemProxy;
			containerPortal = FC1C38CF27C66C4B00A24204 /* Project object */;
			proxyType = 1;
			remoteGlobalIDString = FC1C38D627C66C4B00A24204;
			remoteInfo = SwiftUIApp;
		};
		FC1C392527C6701800A24204 /* PBXContainerItemProxy */ = {
			isa = PBXContainerItemProxy;
			containerPortal = FC1C38CF27C66C4B00A24204 /* Project object */;
			proxyType = 1;
			remoteGlobalIDString = FC1C391127C6701800A24204;
			remoteInfo = Application;
		};
		FC1C393F27C6703600A24204 /* PBXContainerItemProxy */ = {
			isa = PBXContainerItemProxy;
			containerPortal = FC1C38CF27C66C4B00A24204 /* Project object */;
			proxyType = 1;
			remoteGlobalIDString = FC1C393327C6703600A24204;
			remoteInfo = Domain;
		};
		FC1C394127C6703600A24204 /* PBXContainerItemProxy */ = {
			isa = PBXContainerItemProxy;
			containerPortal = FC1C38CF27C66C4B00A24204 /* Project object */;
			proxyType = 1;
			remoteGlobalIDString = FC1C38D627C66C4B00A24204;
			remoteInfo = SwiftUIApp;
		};
		FC1C394727C6703600A24204 /* PBXContainerItemProxy */ = {
			isa = PBXContainerItemProxy;
			containerPortal = FC1C38CF27C66C4B00A24204 /* Project object */;
			proxyType = 1;
			remoteGlobalIDString = FC1C393327C6703600A24204;
			remoteInfo = Domain;
		};
		FC1C396127C6704700A24204 /* PBXContainerItemProxy */ = {
			isa = PBXContainerItemProxy;
			containerPortal = FC1C38CF27C66C4B00A24204 /* Project object */;
			proxyType = 1;
			remoteGlobalIDString = FC1C395527C6704600A24204;
			remoteInfo = Infrastructure;
		};
		FC1C396327C6704700A24204 /* PBXContainerItemProxy */ = {
			isa = PBXContainerItemProxy;
			containerPortal = FC1C38CF27C66C4B00A24204 /* Project object */;
			proxyType = 1;
			remoteGlobalIDString = FC1C38D627C66C4B00A24204;
			remoteInfo = SwiftUIApp;
		};
		FC1C396927C6704700A24204 /* PBXContainerItemProxy */ = {
			isa = PBXContainerItemProxy;
			containerPortal = FC1C38CF27C66C4B00A24204 /* Project object */;
			proxyType = 1;
			remoteGlobalIDString = FC1C395527C6704600A24204;
			remoteInfo = Infrastructure;
		};
		FC1C397627C6706400A24204 /* PBXContainerItemProxy */ = {
			isa = PBXContainerItemProxy;
			containerPortal = FC1C38CF27C66C4B00A24204 /* Project object */;
			proxyType = 1;
			remoteGlobalIDString = FC1C393327C6703600A24204;
			remoteInfo = Domain;
		};
		FC1C397B27C6709100A24204 /* PBXContainerItemProxy */ = {
			isa = PBXContainerItemProxy;
			containerPortal = FC1C38CF27C66C4B00A24204 /* Project object */;
			proxyType = 1;
			remoteGlobalIDString = FC1C393327C6703600A24204;
			remoteInfo = Domain;
		};
		FC1C397F27C6709100A24204 /* PBXContainerItemProxy */ = {
			isa = PBXContainerItemProxy;
			containerPortal = FC1C38CF27C66C4B00A24204 /* Project object */;
			proxyType = 1;
			remoteGlobalIDString = FC1C395527C6704600A24204;
			remoteInfo = Infrastructure;
		};
		FC1C398427C6709A00A24204 /* PBXContainerItemProxy */ = {
			isa = PBXContainerItemProxy;
			containerPortal = FC1C38CF27C66C4B00A24204 /* Project object */;
			proxyType = 1;
			remoteGlobalIDString = FC1C391127C6701800A24204;
			remoteInfo = Application;
		};
/* End PBXContainerItemProxy section */

/* Begin PBXCopyFilesBuildPhase section */
		FC1C390927C6700A00A24204 /* Embed Frameworks */ = {
			isa = PBXCopyFilesBuildPhase;
			buildActionMask = 2147483647;
			dstPath = "";
			dstSubfolderSpec = 10;
			files = (
				FC1C394A27C6703600A24204 /* Domain.framework in Embed Frameworks */,
				FC1C396C27C6704700A24204 /* Infrastructure.framework in Embed Frameworks */,
				FC1C390527C6700A00A24204 /* Presentation.framework in Embed Frameworks */,
				FC1C392827C6701800A24204 /* Application.framework in Embed Frameworks */,
			);
			name = "Embed Frameworks";
			runOnlyForDeploymentPostprocessing = 0;
		};
		FC1C397827C6706400A24204 /* Embed Frameworks */ = {
			isa = PBXCopyFilesBuildPhase;
			buildActionMask = 2147483647;
			dstPath = "";
			dstSubfolderSpec = 10;
			files = (
				FC1C397527C6706400A24204 /* Domain.framework in Embed Frameworks */,
			);
			name = "Embed Frameworks";
			runOnlyForDeploymentPostprocessing = 0;
		};
		FC1C398127C6709100A24204 /* Embed Frameworks */ = {
			isa = PBXCopyFilesBuildPhase;
			buildActionMask = 2147483647;
			dstPath = "";
			dstSubfolderSpec = 10;
			files = (
				FC1C397A27C6709100A24204 /* Domain.framework in Embed Frameworks */,
				FC1C397E27C6709100A24204 /* Infrastructure.framework in Embed Frameworks */,
			);
			name = "Embed Frameworks";
			runOnlyForDeploymentPostprocessing = 0;
		};
		FC1C398627C6709A00A24204 /* Embed Frameworks */ = {
			isa = PBXCopyFilesBuildPhase;
			buildActionMask = 2147483647;
			dstPath = "";
			dstSubfolderSpec = 10;
			files = (
				FC1C398327C6709900A24204 /* Application.framework in Embed Frameworks */,
			);
			name = "Embed Frameworks";
			runOnlyForDeploymentPostprocessing = 0;
		};
/* End PBXCopyFilesBuildPhase section */

/* Begin PBXFileReference section */
		FC1C38D727C66C4B00A24204 /* SwiftUIApp.app */ = {isa = PBXFileReference; explicitFileType = wrapper.application; includeInIndex = 0; path = SwiftUIApp.app; sourceTree = BUILT_PRODUCTS_DIR; };
		FC1C38DA27C66C4B00A24204 /* App.swift */ = {isa = PBXFileReference; lastKnownFileType = sourcecode.swift; path = App.swift; sourceTree = "<group>"; };
		FC1C38DE27C66C4D00A24204 /* Assets.xcassets */ = {isa = PBXFileReference; lastKnownFileType = folder.assetcatalog; path = Assets.xcassets; sourceTree = "<group>"; };
		FC1C38E127C66C4D00A24204 /* Preview Assets.xcassets */ = {isa = PBXFileReference; lastKnownFileType = folder.assetcatalog; path = "Preview Assets.xcassets"; sourceTree = "<group>"; };
		FC1C38EF27C6700A00A24204 /* Presentation.framework */ = {isa = PBXFileReference; explicitFileType = wrapper.framework; includeInIndex = 0; path = Presentation.framework; sourceTree = BUILT_PRODUCTS_DIR; };
		FC1C38F127C6700A00A24204 /* Presentation.h */ = {isa = PBXFileReference; lastKnownFileType = sourcecode.c.h; path = Presentation.h; sourceTree = "<group>"; };
		FC1C38F227C6700A00A24204 /* Presentation.docc */ = {isa = PBXFileReference; lastKnownFileType = folder.documentationcatalog; path = Presentation.docc; sourceTree = "<group>"; };
		FC1C38F827C6700A00A24204 /* PresentationTests.xctest */ = {isa = PBXFileReference; explicitFileType = wrapper.cfbundle; includeInIndex = 0; path = PresentationTests.xctest; sourceTree = BUILT_PRODUCTS_DIR; };
		FC1C38FF27C6700A00A24204 /* PresentationTests.swift */ = {isa = PBXFileReference; lastKnownFileType = sourcecode.swift; path = PresentationTests.swift; sourceTree = "<group>"; };
		FC1C391227C6701800A24204 /* Application.framework */ = {isa = PBXFileReference; explicitFileType = wrapper.framework; includeInIndex = 0; path = Application.framework; sourceTree = BUILT_PRODUCTS_DIR; };
		FC1C391427C6701800A24204 /* Application.h */ = {isa = PBXFileReference; lastKnownFileType = sourcecode.c.h; path = Application.h; sourceTree = "<group>"; };
		FC1C391527C6701800A24204 /* Application.docc */ = {isa = PBXFileReference; lastKnownFileType = folder.documentationcatalog; path = Application.docc; sourceTree = "<group>"; };
		FC1C391B27C6701800A24204 /* ApplicationTests.xctest */ = {isa = PBXFileReference; explicitFileType = wrapper.cfbundle; includeInIndex = 0; path = ApplicationTests.xctest; sourceTree = BUILT_PRODUCTS_DIR; };
		FC1C392227C6701800A24204 /* ApplicationTests.swift */ = {isa = PBXFileReference; lastKnownFileType = sourcecode.swift; path = ApplicationTests.swift; sourceTree = "<group>"; };
		FC1C393427C6703600A24204 /* Domain.framework */ = {isa = PBXFileReference; explicitFileType = wrapper.framework; includeInIndex = 0; path = Domain.framework; sourceTree = BUILT_PRODUCTS_DIR; };
		FC1C393627C6703600A24204 /* Domain.h */ = {isa = PBXFileReference; lastKnownFileType = sourcecode.c.h; path = Domain.h; sourceTree = "<group>"; };
		FC1C393727C6703600A24204 /* Domain.docc */ = {isa = PBXFileReference; lastKnownFileType = folder.documentationcatalog; path = Domain.docc; sourceTree = "<group>"; };
		FC1C393D27C6703600A24204 /* DomainTests.xctest */ = {isa = PBXFileReference; explicitFileType = wrapper.cfbundle; includeInIndex = 0; path = DomainTests.xctest; sourceTree = BUILT_PRODUCTS_DIR; };
		FC1C394427C6703600A24204 /* DomainTests.swift */ = {isa = PBXFileReference; lastKnownFileType = sourcecode.swift; path = DomainTests.swift; sourceTree = "<group>"; };
		FC1C395627C6704600A24204 /* Infrastructure.framework */ = {isa = PBXFileReference; explicitFileType = wrapper.framework; includeInIndex = 0; path = Infrastructure.framework; sourceTree = BUILT_PRODUCTS_DIR; };
		FC1C395827C6704600A24204 /* Infrastructure.h */ = {isa = PBXFileReference; lastKnownFileType = sourcecode.c.h; path = Infrastructure.h; sourceTree = "<group>"; };
		FC1C395927C6704600A24204 /* Infrastructure.docc */ = {isa = PBXFileReference; lastKnownFileType = folder.documentationcatalog; path = Infrastructure.docc; sourceTree = "<group>"; };
		FC1C395F27C6704700A24204 /* InfrastructureTests.xctest */ = {isa = PBXFileReference; explicitFileType = wrapper.cfbundle; includeInIndex = 0; path = InfrastructureTests.xctest; sourceTree = BUILT_PRODUCTS_DIR; };
		FC1C396627C6704700A24204 /* InfrastructureTests.swift */ = {isa = PBXFileReference; lastKnownFileType = sourcecode.swift; path = InfrastructureTests.swift; sourceTree = "<group>"; };
		FC1C398927C676D400A24204 /* RepoListView.swift */ = {isa = PBXFileReference; lastKnownFileType = sourcecode.swift; path = RepoListView.swift; sourceTree = "<group>"; };
		FC1C398C27C6771E00A24204 /* RepoListRow.swift */ = {isa = PBXFileReference; lastKnownFileType = sourcecode.swift; path = RepoListRow.swift; sourceTree = "<group>"; };
		FC1C399027C677A600A24204 /* AppPreview.swift */ = {isa = PBXFileReference; lastKnownFileType = sourcecode.swift; path = AppPreview.swift; sourceTree = "<group>"; };
		FC1C399327C677DC00A24204 /* Bundle+.swift */ = {isa = PBXFileReference; lastKnownFileType = sourcecode.swift; path = "Bundle+.swift"; sourceTree = "<group>"; };
		FC1C399727C67A0000A24204 /* Assets.xcassets */ = {isa = PBXFileReference; lastKnownFileType = folder.assetcatalog; path = Assets.xcassets; sourceTree = "<group>"; };
		FC1C399927C67ADA00A24204 /* Color+.swift */ = {isa = PBXFileReference; lastKnownFileType = sourcecode.swift; path = "Color+.swift"; sourceTree = "<group>"; };
		FC1C399D27C67D3E00A24204 /* RepoListActionCreator.swift */ = {isa = PBXFileReference; fileEncoding = 4; lastKnownFileType = sourcecode.swift; path = RepoListActionCreator.swift; sourceTree = "<group>"; };
		FC1C399E27C67D3E00A24204 /* RepoListDispatcher.swift */ = {isa = PBXFileReference; fileEncoding = 4; lastKnownFileType = sourcecode.swift; path = RepoListDispatcher.swift; sourceTree = "<group>"; };
		FC1C399F27C67D3E00A24204 /* RepoListAction.swift */ = {isa = PBXFileReference; fileEncoding = 4; lastKnownFileType = sourcecode.swift; path = RepoListAction.swift; sourceTree = "<group>"; };
		FC1C39A027C67D3E00A24204 /* RepoListStore.swift */ = {isa = PBXFileReference; fileEncoding = 4; lastKnownFileType = sourcecode.swift; path = RepoListStore.swift; sourceTree = "<group>"; };
		FC1C39B627C67DC500A24204 /* APIError.swift */ = {isa = PBXFileReference; fileEncoding = 4; lastKnownFileType = sourcecode.swift; path = APIError.swift; sourceTree = "<group>"; };
		FC1C39B927C67DC500A24204 /* Error+.swift */ = {isa = PBXFileReference; fileEncoding = 4; lastKnownFileType = sourcecode.swift; path = "Error+.swift"; sourceTree = "<group>"; };
		FC1C39C627C67E4200A24204 /* UserEntity.swift */ = {isa = PBXFileReference; fileEncoding = 4; lastKnownFileType = sourcecode.swift; path = UserEntity.swift; sourceTree = "<group>"; };
		FC1C39C927C67E4200A24204 /* UserRepositoryProviding.swift */ = {isa = PBXFileReference; fileEncoding = 4; lastKnownFileType = sourcecode.swift; path = UserRepositoryProviding.swift; sourceTree = "<group>"; };
		FC1C39CA27C67E4200A24204 /* UserAggregateRoot.swift */ = {isa = PBXFileReference; fileEncoding = 4; lastKnownFileType = sourcecode.swift; path = UserAggregateRoot.swift; sourceTree = "<group>"; };
		FC1C39CF27C67E4200A24204 /* RepoRepositoryProviding.swift */ = {isa = PBXFileReference; fileEncoding = 4; lastKnownFileType = sourcecode.swift; path = RepoRepositoryProviding.swift; sourceTree = "<group>"; };
		FC1C39D027C67E4200A24204 /* RepoAggregateRoot.swift */ = {isa = PBXFileReference; fileEncoding = 4; lastKnownFileType = sourcecode.swift; path = RepoAggregateRoot.swift; sourceTree = "<group>"; };
		FC1C39D127C67E4200A24204 /* RepoEntity.swift */ = {isa = PBXFileReference; fileEncoding = 4; lastKnownFileType = sourcecode.swift; path = RepoEntity.swift; sourceTree = "<group>"; };
		FC1C39E727C67EAD00A24204 /* UserRepository.swift */ = {isa = PBXFileReference; fileEncoding = 4; lastKnownFileType = sourcecode.swift; path = UserRepository.swift; sourceTree = "<group>"; };
		FC1C39EB27C67EAD00A24204 /* RepoRepository.swift */ = {isa = PBXFileReference; fileEncoding = 4; lastKnownFileType = sourcecode.swift; path = RepoRepository.swift; sourceTree = "<group>"; };
		FC1C39EF27C67EAD00A24204 /* SearchRepositoryResponse.swift */ = {isa = PBXFileReference; fileEncoding = 4; lastKnownFileType = sourcecode.swift; path = SearchRepositoryResponse.swift; sourceTree = "<group>"; };
		FC1C39F027C67EAD00A24204 /* SearchRepositoryRequest.swift */ = {isa = PBXFileReference; fileEncoding = 4; lastKnownFileType = sourcecode.swift; path = SearchRepositoryRequest.swift; sourceTree = "<group>"; };
		FC1C39F227C67EAD00A24204 /* SearchUserRequest.swift */ = {isa = PBXFileReference; fileEncoding = 4; lastKnownFileType = sourcecode.swift; path = SearchUserRequest.swift; sourceTree = "<group>"; };
		FC1C39F327C67EAD00A24204 /* SearchUserResponse.swift */ = {isa = PBXFileReference; fileEncoding = 4; lastKnownFileType = sourcecode.swift; path = SearchUserResponse.swift; sourceTree = "<group>"; };
		FC1C39F627C67EAD00A24204 /* GitHubUser.swift */ = {isa = PBXFileReference; fileEncoding = 4; lastKnownFileType = sourcecode.swift; path = GitHubUser.swift; sourceTree = "<group>"; };
		FC1C39F727C67EAD00A24204 /* GitHubRepository.swift */ = {isa = PBXFileReference; fileEncoding = 4; lastKnownFileType = sourcecode.swift; path = GitHubRepository.swift; sourceTree = "<group>"; };
		FC1C39FA27C67EAE00A24204 /* Array+.swift */ = {isa = PBXFileReference; fileEncoding = 4; lastKnownFileType = sourcecode.swift; path = "Array+.swift"; sourceTree = "<group>"; };
		FC1C39FC27C67EAE00A24204 /* APIError.swift */ = {isa = PBXFileReference; fileEncoding = 4; lastKnownFileType = sourcecode.swift; path = APIError.swift; sourceTree = "<group>"; };
		FC1C39FD27C67EAE00A24204 /* APIRequestable.swift */ = {isa = PBXFileReference; fileEncoding = 4; lastKnownFileType = sourcecode.swift; path = APIRequestable.swift; sourceTree = "<group>"; };
		FC1C39FE27C67EAE00A24204 /* APIClient.swift */ = {isa = PBXFileReference; fileEncoding = 4; lastKnownFileType = sourcecode.swift; path = APIClient.swift; sourceTree = "<group>"; };
		FC1C39FF27C67EAE00A24204 /* APIResponse.swift */ = {isa = PBXFileReference; fileEncoding = 4; lastKnownFileType = sourcecode.swift; path = APIResponse.swift; sourceTree = "<group>"; };
		FC1C3A2D27C6815C00A24204 /* SearchNavigation.swift */ = {isa = PBXFileReference; fileEncoding = 4; lastKnownFileType = sourcecode.swift; path = SearchNavigation.swift; sourceTree = "<group>"; };
		FC1C3A3727C6826B00A24204 /* View+.swift */ = {isa = PBXFileReference; lastKnownFileType = sourcecode.swift; path = "View+.swift"; sourceTree = "<group>"; };
		FC1C3A4527C6843500A24204 /* en */ = {isa = PBXFileReference; lastKnownFileType = text.plist.strings; name = en; path = en.lproj/Localizable.strings; sourceTree = "<group>"; };
		FC1C3A4727C6843700A24204 /* ja */ = {isa = PBXFileReference; lastKnownFileType = text.plist.strings; name = ja; path = ja.lproj/Localizable.strings; sourceTree = "<group>"; };
		FC1C3A4927C6937E00A24204 /* Injected */ = {isa = PBXFileReference; lastKnownFileType = wrapper; name = Injected; path = Packages/Injected; sourceTree = "<group>"; };
		FC1C3A5027C6959800A24204 /* InjectedValues+.swift */ = {isa = PBXFileReference; lastKnownFileType = sourcecode.swift; path = "InjectedValues+.swift"; sourceTree = "<group>"; };
		FC1C3A5227C695CE00A24204 /* InjectedValues+.swift */ = {isa = PBXFileReference; lastKnownFileType = sourcecode.swift; path = "InjectedValues+.swift"; sourceTree = "<group>"; };
		FC1C3A5427C6961200A24204 /* InjectedValues+.swift */ = {isa = PBXFileReference; lastKnownFileType = sourcecode.swift; path = "InjectedValues+.swift"; sourceTree = "<group>"; };
/* End PBXFileReference section */

/* Begin PBXFrameworksBuildPhase section */
		FC1C38D427C66C4B00A24204 /* Frameworks */ = {
			isa = PBXFrameworksBuildPhase;
			buildActionMask = 2147483647;
			files = (
				FC1C3A2827C6809000A24204 /* Request in Frameworks */,
				FC1C394927C6703600A24204 /* Domain.framework in Frameworks */,
				FC1C396B27C6704700A24204 /* Infrastructure.framework in Frameworks */,
				FC1C3A2627C6809000A24204 /* Json in Frameworks */,
				FC1C390427C6700A00A24204 /* Presentation.framework in Frameworks */,
				FC1C392727C6701800A24204 /* Application.framework in Frameworks */,
				FC1C3A2327C6808000A24204 /* Kingfisher in Frameworks */,
			);
			runOnlyForDeploymentPostprocessing = 0;
		};
		FC1C38EC27C6700A00A24204 /* Frameworks */ = {
			isa = PBXFrameworksBuildPhase;
			buildActionMask = 2147483647;
			files = (
				FC1C3A4F27C693AC00A24204 /* Injected in Frameworks */,
				FC1C398227C6709900A24204 /* Application.framework in Frameworks */,
			);
			runOnlyForDeploymentPostprocessing = 0;
		};
		FC1C38F527C6700A00A24204 /* Frameworks */ = {
			isa = PBXFrameworksBuildPhase;
			buildActionMask = 2147483647;
			files = (
				FC1C38F927C6700A00A24204 /* Presentation.framework in Frameworks */,
			);
			runOnlyForDeploymentPostprocessing = 0;
		};
		FC1C390F27C6701800A24204 /* Frameworks */ = {
			isa = PBXFrameworksBuildPhase;
			buildActionMask = 2147483647;
			files = (
				FC1C397927C6709100A24204 /* Domain.framework in Frameworks */,
				FC1C3A4D27C693A600A24204 /* Injected in Frameworks */,
				FC1C397D27C6709100A24204 /* Infrastructure.framework in Frameworks */,
			);
			runOnlyForDeploymentPostprocessing = 0;
		};
		FC1C391827C6701800A24204 /* Frameworks */ = {
			isa = PBXFrameworksBuildPhase;
			buildActionMask = 2147483647;
			files = (
				FC1C391C27C6701800A24204 /* Application.framework in Frameworks */,
			);
			runOnlyForDeploymentPostprocessing = 0;
		};
		FC1C393127C6703600A24204 /* Frameworks */ = {
			isa = PBXFrameworksBuildPhase;
			buildActionMask = 2147483647;
			files = (
			);
			runOnlyForDeploymentPostprocessing = 0;
		};
		FC1C393A27C6703600A24204 /* Frameworks */ = {
			isa = PBXFrameworksBuildPhase;
			buildActionMask = 2147483647;
			files = (
				FC1C393E27C6703600A24204 /* Domain.framework in Frameworks */,
			);
			runOnlyForDeploymentPostprocessing = 0;
		};
		FC1C395327C6704600A24204 /* Frameworks */ = {
			isa = PBXFrameworksBuildPhase;
			buildActionMask = 2147483647;
			files = (
				FC1C3A3627C681E700A24204 /* Request in Frameworks */,
				FC1C3A3427C681E700A24204 /* Json in Frameworks */,
				FC1C3A4B27C6939500A24204 /* Injected in Frameworks */,
				FC1C397427C6706400A24204 /* Domain.framework in Frameworks */,
			);
			runOnlyForDeploymentPostprocessing = 0;
		};
		FC1C395C27C6704700A24204 /* Frameworks */ = {
			isa = PBXFrameworksBuildPhase;
			buildActionMask = 2147483647;
			files = (
				FC1C396027C6704700A24204 /* Infrastructure.framework in Frameworks */,
			);
			runOnlyForDeploymentPostprocessing = 0;
		};
/* End PBXFrameworksBuildPhase section */

/* Begin PBXGroup section */
		FC1C38CE27C66C4B00A24204 = {
			isa = PBXGroup;
			children = (
				FC1C38D927C66C4B00A24204 /* SwiftUIApp */,
				FC1C391327C6701800A24204 /* Application */,
				FC1C392127C6701800A24204 /* ApplicationTests */,
				FC1C393527C6703600A24204 /* Domain */,
				FC1C394327C6703600A24204 /* DomainTests */,
				FC1C395727C6704600A24204 /* Infrastructure */,
				FC1C396527C6704700A24204 /* InfrastructureTests */,
				FC1C3A4827C6937E00A24204 /* Packages */,
				FC1C38F027C6700A00A24204 /* Presentation */,
				FC1C38FE27C6700A00A24204 /* PresentationTests */,
				FC1C397327C6706400A24204 /* Frameworks */,
				FC1C38D827C66C4B00A24204 /* Products */,
			);
			sourceTree = "<group>";
		};
		FC1C38D827C66C4B00A24204 /* Products */ = {
			isa = PBXGroup;
			children = (
				FC1C38D727C66C4B00A24204 /* SwiftUIApp.app */,
				FC1C38EF27C6700A00A24204 /* Presentation.framework */,
				FC1C38F827C6700A00A24204 /* PresentationTests.xctest */,
				FC1C391227C6701800A24204 /* Application.framework */,
				FC1C391B27C6701800A24204 /* ApplicationTests.xctest */,
				FC1C393427C6703600A24204 /* Domain.framework */,
				FC1C393D27C6703600A24204 /* DomainTests.xctest */,
				FC1C395627C6704600A24204 /* Infrastructure.framework */,
				FC1C395F27C6704700A24204 /* InfrastructureTests.xctest */,
			);
			name = Products;
			sourceTree = "<group>";
		};
		FC1C38D927C66C4B00A24204 /* SwiftUIApp */ = {
			isa = PBXGroup;
			children = (
				FC1C38DA27C66C4B00A24204 /* App.swift */,
				FC1C38DE27C66C4D00A24204 /* Assets.xcassets */,
				FC1C38E027C66C4D00A24204 /* Preview Content */,
			);
			path = SwiftUIApp;
			sourceTree = "<group>";
		};
		FC1C38E027C66C4D00A24204 /* Preview Content */ = {
			isa = PBXGroup;
			children = (
				FC1C38E127C66C4D00A24204 /* Preview Assets.xcassets */,
			);
			path = "Preview Content";
			sourceTree = "<group>";
		};
		FC1C38F027C6700A00A24204 /* Presentation */ = {
			isa = PBXGroup;
			children = (
				FC1C3A2F27C6817000A24204 /* DI */,
				FC1C399527C679E200A24204 /* Resources */,
				FC1C398E27C6778D00A24204 /* Utilities */,
				FC1C398727C6760200A24204 /* Views */,
			);
			path = Presentation;
			sourceTree = "<group>";
		};
		FC1C38FE27C6700A00A24204 /* PresentationTests */ = {
			isa = PBXGroup;
			children = (
				FC1C38FF27C6700A00A24204 /* PresentationTests.swift */,
			);
			path = PresentationTests;
			sourceTree = "<group>";
		};
		FC1C391327C6701800A24204 /* Application */ = {
			isa = PBXGroup;
			children = (
				FC1C3A1527C67FDE00A24204 /* DI */,
				FC1C399B27C67CE600A24204 /* Flux */,
				FC1C39A527C67D5E00A24204 /* Resources */,
			);
			path = Application;
			sourceTree = "<group>";
		};
		FC1C392127C6701800A24204 /* ApplicationTests */ = {
			isa = PBXGroup;
			children = (
				FC1C392227C6701800A24204 /* ApplicationTests.swift */,
			);
			path = ApplicationTests;
			sourceTree = "<group>";
		};
		FC1C393527C6703600A24204 /* Domain */ = {
			isa = PBXGroup;
			children = (
				FC1C39A627C67DC500A24204 /* Entities */,
				FC1C39B427C67DC500A24204 /* Errors */,
				FC1C39C527C67DD100A24204 /* Resources */,
				FC1C39B727C67DC500A24204 /* Utilities */,
			);
			path = Domain;
			sourceTree = "<group>";
		};
		FC1C394327C6703600A24204 /* DomainTests */ = {
			isa = PBXGroup;
			children = (
				FC1C394427C6703600A24204 /* DomainTests.swift */,
			);
			path = DomainTests;
			sourceTree = "<group>";
		};
		FC1C395727C6704600A24204 /* Infrastructure */ = {
			isa = PBXGroup;
			children = (
				FC1C39EC27C67EAD00A24204 /* API */,
				FC1C39DB27C67EAD00A24204 /* DI */,
				FC1C39E427C67EAD00A24204 /* Repositories */,
				FC1C39DA27C67E8500A24204 /* Resources */,
				FC1C39F827C67EAE00A24204 /* Utilities */,
			);
			path = Infrastructure;
			sourceTree = "<group>";
		};
		FC1C396527C6704700A24204 /* InfrastructureTests */ = {
			isa = PBXGroup;
			children = (
				FC1C396627C6704700A24204 /* InfrastructureTests.swift */,
			);
			path = InfrastructureTests;
			sourceTree = "<group>";
		};
		FC1C397327C6706400A24204 /* Frameworks */ = {
			isa = PBXGroup;
			children = (
			);
			name = Frameworks;
			sourceTree = "<group>";
		};
		FC1C398727C6760200A24204 /* Views */ = {
			isa = PBXGroup;
			children = (
				FC1C398827C676BF00A24204 /* RepoList */,
			);
			path = Views;
			sourceTree = "<group>";
		};
		FC1C398827C676BF00A24204 /* RepoList */ = {
			isa = PBXGroup;
			children = (
				FC1C398B27C6771100A24204 /* Components */,
				FC1C398927C676D400A24204 /* RepoListView.swift */,
			);
			path = RepoList;
			sourceTree = "<group>";
		};
		FC1C398B27C6771100A24204 /* Components */ = {
			isa = PBXGroup;
			children = (
				FC1C398C27C6771E00A24204 /* RepoListRow.swift */,
			);
			path = Components;
			sourceTree = "<group>";
		};
		FC1C398E27C6778D00A24204 /* Utilities */ = {
			isa = PBXGroup;
			children = (
				FC1C399227C677CD00A24204 /* Extension */,
				FC1C398F27C6779800A24204 /* Preview */,
				FC1C3A2927C6812500A24204 /* Views */,
			);
			path = Utilities;
			sourceTree = "<group>";
		};
		FC1C398F27C6779800A24204 /* Preview */ = {
			isa = PBXGroup;
			children = (
				FC1C399027C677A600A24204 /* AppPreview.swift */,
			);
			path = Preview;
			sourceTree = "<group>";
		};
		FC1C399227C677CD00A24204 /* Extension */ = {
			isa = PBXGroup;
			children = (
				FC1C399327C677DC00A24204 /* Bundle+.swift */,
				FC1C399927C67ADA00A24204 /* Color+.swift */,
				FC1C3A3727C6826B00A24204 /* View+.swift */,
			);
			path = Extension;
			sourceTree = "<group>";
		};
		FC1C399527C679E200A24204 /* Resources */ = {
			isa = PBXGroup;
			children = (
				FC1C38F227C6700A00A24204 /* Presentation.docc */,
				FC1C38F127C6700A00A24204 /* Presentation.h */,
				FC1C399627C679EF00A24204 /* Assets */,
				FC1C3A3927C6839600A24204 /* Localize */,
			);
			path = Resources;
			sourceTree = "<group>";
		};
		FC1C399627C679EF00A24204 /* Assets */ = {
			isa = PBXGroup;
			children = (
				FC1C399727C67A0000A24204 /* Assets.xcassets */,
			);
			path = Assets;
			sourceTree = "<group>";
		};
		FC1C399B27C67CE600A24204 /* Flux */ = {
			isa = PBXGroup;
			children = (
				FC1C399C27C67CF500A24204 /* RepoList */,
			);
			path = Flux;
			sourceTree = "<group>";
		};
		FC1C399C27C67CF500A24204 /* RepoList */ = {
			isa = PBXGroup;
			children = (
				FC1C399F27C67D3E00A24204 /* RepoListAction.swift */,
				FC1C399D27C67D3E00A24204 /* RepoListActionCreator.swift */,
				FC1C399E27C67D3E00A24204 /* RepoListDispatcher.swift */,
				FC1C39A027C67D3E00A24204 /* RepoListStore.swift */,
			);
			path = RepoList;
			sourceTree = "<group>";
		};
		FC1C39A527C67D5E00A24204 /* Resources */ = {
			isa = PBXGroup;
			children = (
				FC1C391427C6701800A24204 /* Application.h */,
				FC1C391527C6701800A24204 /* Application.docc */,
			);
			path = Resources;
			sourceTree = "<group>";
		};
		FC1C39A627C67DC500A24204 /* Entities */ = {
			isa = PBXGroup;
			children = (
				FC1C39D127C67E4200A24204 /* RepoEntity.swift */,
				FC1C39C627C67E4200A24204 /* UserEntity.swift */,
				FC1C39C727C67E4200A24204 /* AggregateRoots */,
			);
			path = Entities;
			sourceTree = "<group>";
		};
		FC1C39B427C67DC500A24204 /* Errors */ = {
			isa = PBXGroup;
			children = (
				FC1C39B527C67DC500A24204 /* APIError */,
			);
			path = Errors;
			sourceTree = "<group>";
		};
		FC1C39B527C67DC500A24204 /* APIError */ = {
			isa = PBXGroup;
			children = (
				FC1C39B627C67DC500A24204 /* APIError.swift */,
			);
			path = APIError;
			sourceTree = "<group>";
		};
		FC1C39B727C67DC500A24204 /* Utilities */ = {
			isa = PBXGroup;
			children = (
				FC1C39B827C67DC500A24204 /* Extension */,
			);
			path = Utilities;
			sourceTree = "<group>";
		};
		FC1C39B827C67DC500A24204 /* Extension */ = {
			isa = PBXGroup;
			children = (
				FC1C39B927C67DC500A24204 /* Error+.swift */,
			);
			path = Extension;
			sourceTree = "<group>";
		};
		FC1C39C527C67DD100A24204 /* Resources */ = {
			isa = PBXGroup;
			children = (
				FC1C393627C6703600A24204 /* Domain.h */,
				FC1C393727C6703600A24204 /* Domain.docc */,
			);
			path = Resources;
			sourceTree = "<group>";
		};
		FC1C39C727C67E4200A24204 /* AggregateRoots */ = {
			isa = PBXGroup;
			children = (
				FC1C39CE27C67E4200A24204 /* Repo */,
				FC1C39C827C67E4200A24204 /* User */,
			);
			path = AggregateRoots;
			sourceTree = "<group>";
		};
		FC1C39C827C67E4200A24204 /* User */ = {
			isa = PBXGroup;
			children = (
				FC1C39C927C67E4200A24204 /* UserRepositoryProviding.swift */,
				FC1C39CA27C67E4200A24204 /* UserAggregateRoot.swift */,
			);
			path = User;
			sourceTree = "<group>";
		};
		FC1C39CE27C67E4200A24204 /* Repo */ = {
			isa = PBXGroup;
			children = (
				FC1C39CF27C67E4200A24204 /* RepoRepositoryProviding.swift */,
				FC1C39D027C67E4200A24204 /* RepoAggregateRoot.swift */,
			);
			path = Repo;
			sourceTree = "<group>";
		};
		FC1C39DA27C67E8500A24204 /* Resources */ = {
			isa = PBXGroup;
			children = (
				FC1C395927C6704600A24204 /* Infrastructure.docc */,
				FC1C395827C6704600A24204 /* Infrastructure.h */,
			);
			path = Resources;
			sourceTree = "<group>";
		};
		FC1C39DB27C67EAD00A24204 /* DI */ = {
			isa = PBXGroup;
			children = (
				FC1C3A5427C6961200A24204 /* InjectedValues+.swift */,
			);
			path = DI;
			sourceTree = "<group>";
		};
		FC1C39E427C67EAD00A24204 /* Repositories */ = {
			isa = PBXGroup;
			children = (
				FC1C39E527C67EAD00A24204 /* Impl */,
			);
			path = Repositories;
			sourceTree = "<group>";
		};
		FC1C39E527C67EAD00A24204 /* Impl */ = {
			isa = PBXGroup;
			children = (
				FC1C39EA27C67EAD00A24204 /* Repo */,
				FC1C39E627C67EAD00A24204 /* User */,
			);
			path = Impl;
			sourceTree = "<group>";
		};
		FC1C39E627C67EAD00A24204 /* User */ = {
			isa = PBXGroup;
			children = (
				FC1C39E727C67EAD00A24204 /* UserRepository.swift */,
			);
			path = User;
			sourceTree = "<group>";
		};
		FC1C39EA27C67EAD00A24204 /* Repo */ = {
			isa = PBXGroup;
			children = (
				FC1C39EB27C67EAD00A24204 /* RepoRepository.swift */,
			);
			path = Repo;
			sourceTree = "<group>";
		};
		FC1C39EC27C67EAD00A24204 /* API */ = {
			isa = PBXGroup;
			children = (
				FC1C39ED27C67EAD00A24204 /* GitHub */,
			);
			path = API;
			sourceTree = "<group>";
		};
		FC1C39ED27C67EAD00A24204 /* GitHub */ = {
			isa = PBXGroup;
			children = (
				FC1C39F427C67EAD00A24204 /* Common */,
				FC1C39EE27C67EAD00A24204 /* SearchRepository */,
				FC1C39F127C67EAD00A24204 /* SearchUser */,
			);
			path = GitHub;
			sourceTree = "<group>";
		};
		FC1C39EE27C67EAD00A24204 /* SearchRepository */ = {
			isa = PBXGroup;
			children = (
				FC1C39EF27C67EAD00A24204 /* SearchRepositoryResponse.swift */,
				FC1C39F027C67EAD00A24204 /* SearchRepositoryRequest.swift */,
			);
			path = SearchRepository;
			sourceTree = "<group>";
		};
		FC1C39F127C67EAD00A24204 /* SearchUser */ = {
			isa = PBXGroup;
			children = (
				FC1C39F227C67EAD00A24204 /* SearchUserRequest.swift */,
				FC1C39F327C67EAD00A24204 /* SearchUserResponse.swift */,
			);
			path = SearchUser;
			sourceTree = "<group>";
		};
		FC1C39F427C67EAD00A24204 /* Common */ = {
			isa = PBXGroup;
			children = (
				FC1C39F527C67EAD00A24204 /* Response */,
			);
			path = Common;
			sourceTree = "<group>";
		};
		FC1C39F527C67EAD00A24204 /* Response */ = {
			isa = PBXGroup;
			children = (
				FC1C39F627C67EAD00A24204 /* GitHubUser.swift */,
				FC1C39F727C67EAD00A24204 /* GitHubRepository.swift */,
			);
			path = Response;
			sourceTree = "<group>";
		};
		FC1C39F827C67EAE00A24204 /* Utilities */ = {
			isa = PBXGroup;
			children = (
				FC1C39FB27C67EAE00A24204 /* API */,
				FC1C39F927C67EAE00A24204 /* Extension */,
			);
			path = Utilities;
			sourceTree = "<group>";
		};
		FC1C39F927C67EAE00A24204 /* Extension */ = {
			isa = PBXGroup;
			children = (
				FC1C39FA27C67EAE00A24204 /* Array+.swift */,
			);
			path = Extension;
			sourceTree = "<group>";
		};
		FC1C39FB27C67EAE00A24204 /* API */ = {
			isa = PBXGroup;
			children = (
				FC1C39FE27C67EAE00A24204 /* APIClient.swift */,
				FC1C39FC27C67EAE00A24204 /* APIError.swift */,
				FC1C39FD27C67EAE00A24204 /* APIRequestable.swift */,
				FC1C39FF27C67EAE00A24204 /* APIResponse.swift */,
			);
			path = API;
			sourceTree = "<group>";
		};
		FC1C3A1527C67FDE00A24204 /* DI */ = {
			isa = PBXGroup;
			children = (
				FC1C3A5227C695CE00A24204 /* InjectedValues+.swift */,
			);
			path = DI;
			sourceTree = "<group>";
		};
		FC1C3A2927C6812500A24204 /* Views */ = {
			isa = PBXGroup;
			children = (
				FC1C3A2A27C6813800A24204 /* Representable */,
			);
			path = Views;
			sourceTree = "<group>";
		};
		FC1C3A2A27C6813800A24204 /* Representable */ = {
			isa = PBXGroup;
			children = (
				FC1C3A2B27C6814200A24204 /* UIViewControllerRepresentable */,
			);
			path = Representable;
			sourceTree = "<group>";
		};
		FC1C3A2B27C6814200A24204 /* UIViewControllerRepresentable */ = {
			isa = PBXGroup;
			children = (
				FC1C3A2C27C6814C00A24204 /* SearchNavigation */,
			);
			path = UIViewControllerRepresentable;
			sourceTree = "<group>";
		};
		FC1C3A2C27C6814C00A24204 /* SearchNavigation */ = {
			isa = PBXGroup;
			children = (
				FC1C3A2D27C6815C00A24204 /* SearchNavigation.swift */,
			);
			path = SearchNavigation;
			sourceTree = "<group>";
		};
		FC1C3A2F27C6817000A24204 /* DI */ = {
			isa = PBXGroup;
			children = (
				FC1C3A5027C6959800A24204 /* InjectedValues+.swift */,
			);
			path = DI;
			sourceTree = "<group>";
		};
		FC1C3A3927C6839600A24204 /* Localize */ = {
			isa = PBXGroup;
			children = (
				FC1C3A4627C6843500A24204 /* Localizable.strings */,
			);
			path = Localize;
			sourceTree = "<group>";
		};
		FC1C3A4827C6937E00A24204 /* Packages */ = {
			isa = PBXGroup;
			children = (
				FC1C3A4927C6937E00A24204 /* Injected */,
			);
			name = Packages;
			sourceTree = "<group>";
		};
/* End PBXGroup section */

/* Begin PBXHeadersBuildPhase section */
		FC1C38EA27C6700A00A24204 /* Headers */ = {
			isa = PBXHeadersBuildPhase;
			buildActionMask = 2147483647;
			files = (
				FC1C390127C6700A00A24204 /* Presentation.h in Headers */,
			);
			runOnlyForDeploymentPostprocessing = 0;
		};
		FC1C390D27C6701800A24204 /* Headers */ = {
			isa = PBXHeadersBuildPhase;
			buildActionMask = 2147483647;
			files = (
				FC1C392427C6701800A24204 /* Application.h in Headers */,
			);
			runOnlyForDeploymentPostprocessing = 0;
		};
		FC1C392F27C6703600A24204 /* Headers */ = {
			isa = PBXHeadersBuildPhase;
			buildActionMask = 2147483647;
			files = (
				FC1C394627C6703600A24204 /* Domain.h in Headers */,
			);
			runOnlyForDeploymentPostprocessing = 0;
		};
		FC1C395127C6704600A24204 /* Headers */ = {
			isa = PBXHeadersBuildPhase;
			buildActionMask = 2147483647;
			files = (
				FC1C396827C6704700A24204 /* Infrastructure.h in Headers */,
			);
			runOnlyForDeploymentPostprocessing = 0;
		};
/* End PBXHeadersBuildPhase section */

/* Begin PBXNativeTarget section */
		FC1C38D627C66C4B00A24204 /* SwiftUIApp */ = {
			isa = PBXNativeTarget;
			buildConfigurationList = FC1C38E527C66C4D00A24204 /* Build configuration list for PBXNativeTarget "SwiftUIApp" */;
			buildPhases = (
				FC1C38D327C66C4B00A24204 /* Sources */,
				FC1C38D427C66C4B00A24204 /* Frameworks */,
				FC1C38D527C66C4B00A24204 /* Resources */,
				FC1C390927C6700A00A24204 /* Embed Frameworks */,
			);
			buildRules = (
			);
			dependencies = (
				FC1C390327C6700A00A24204 /* PBXTargetDependency */,
				FC1C392627C6701800A24204 /* PBXTargetDependency */,
				FC1C394827C6703600A24204 /* PBXTargetDependency */,
				FC1C396A27C6704700A24204 /* PBXTargetDependency */,
			);
			name = SwiftUIApp;
			packageProductDependencies = (
				FC1C3A2227C6808000A24204 /* Kingfisher */,
				FC1C3A2527C6809000A24204 /* Json */,
				FC1C3A2727C6809000A24204 /* Request */,
			);
			productName = SwiftUIApp;
			productReference = FC1C38D727C66C4B00A24204 /* SwiftUIApp.app */;
			productType = "com.apple.product-type.application";
		};
		FC1C38EE27C6700A00A24204 /* Presentation */ = {
			isa = PBXNativeTarget;
			buildConfigurationList = FC1C390627C6700A00A24204 /* Build configuration list for PBXNativeTarget "Presentation" */;
			buildPhases = (
				FC1C38EA27C6700A00A24204 /* Headers */,
				FC1C38EB27C6700A00A24204 /* Sources */,
				FC1C38EC27C6700A00A24204 /* Frameworks */,
				FC1C38ED27C6700A00A24204 /* Resources */,
				FC1C398627C6709A00A24204 /* Embed Frameworks */,
			);
			buildRules = (
			);
			dependencies = (
				FC1C398527C6709A00A24204 /* PBXTargetDependency */,
			);
			name = Presentation;
			packageProductDependencies = (
				FC1C3A4E27C693AC00A24204 /* Injected */,
			);
			productName = Presentation;
			productReference = FC1C38EF27C6700A00A24204 /* Presentation.framework */;
			productType = "com.apple.product-type.framework";
		};
		FC1C38F727C6700A00A24204 /* PresentationTests */ = {
			isa = PBXNativeTarget;
			buildConfigurationList = FC1C390A27C6700A00A24204 /* Build configuration list for PBXNativeTarget "PresentationTests" */;
			buildPhases = (
				FC1C38F427C6700A00A24204 /* Sources */,
				FC1C38F527C6700A00A24204 /* Frameworks */,
				FC1C38F627C6700A00A24204 /* Resources */,
			);
			buildRules = (
			);
			dependencies = (
				FC1C38FB27C6700A00A24204 /* PBXTargetDependency */,
				FC1C38FD27C6700A00A24204 /* PBXTargetDependency */,
			);
			name = PresentationTests;
			productName = PresentationTests;
			productReference = FC1C38F827C6700A00A24204 /* PresentationTests.xctest */;
			productType = "com.apple.product-type.bundle.unit-test";
		};
		FC1C391127C6701800A24204 /* Application */ = {
			isa = PBXNativeTarget;
			buildConfigurationList = FC1C392927C6701800A24204 /* Build configuration list for PBXNativeTarget "Application" */;
			buildPhases = (
				FC1C390D27C6701800A24204 /* Headers */,
				FC1C390E27C6701800A24204 /* Sources */,
				FC1C390F27C6701800A24204 /* Frameworks */,
				FC1C391027C6701800A24204 /* Resources */,
				FC1C398127C6709100A24204 /* Embed Frameworks */,
			);
			buildRules = (
			);
			dependencies = (
				FC1C397C27C6709100A24204 /* PBXTargetDependency */,
				FC1C398027C6709100A24204 /* PBXTargetDependency */,
			);
			name = Application;
			packageProductDependencies = (
				FC1C3A4C27C693A600A24204 /* Injected */,
			);
			productName = Application;
			productReference = FC1C391227C6701800A24204 /* Application.framework */;
			productType = "com.apple.product-type.framework";
		};
		FC1C391A27C6701800A24204 /* ApplicationTests */ = {
			isa = PBXNativeTarget;
			buildConfigurationList = FC1C392C27C6701800A24204 /* Build configuration list for PBXNativeTarget "ApplicationTests" */;
			buildPhases = (
				FC1C391727C6701800A24204 /* Sources */,
				FC1C391827C6701800A24204 /* Frameworks */,
				FC1C391927C6701800A24204 /* Resources */,
			);
			buildRules = (
			);
			dependencies = (
				FC1C391E27C6701800A24204 /* PBXTargetDependency */,
				FC1C392027C6701800A24204 /* PBXTargetDependency */,
			);
			name = ApplicationTests;
			productName = ApplicationTests;
			productReference = FC1C391B27C6701800A24204 /* ApplicationTests.xctest */;
			productType = "com.apple.product-type.bundle.unit-test";
		};
		FC1C393327C6703600A24204 /* Domain */ = {
			isa = PBXNativeTarget;
			buildConfigurationList = FC1C394B27C6703600A24204 /* Build configuration list for PBXNativeTarget "Domain" */;
			buildPhases = (
				FC1C392F27C6703600A24204 /* Headers */,
				FC1C393027C6703600A24204 /* Sources */,
				FC1C393127C6703600A24204 /* Frameworks */,
				FC1C393227C6703600A24204 /* Resources */,
			);
			buildRules = (
			);
			dependencies = (
			);
			name = Domain;
			productName = Domain;
			productReference = FC1C393427C6703600A24204 /* Domain.framework */;
			productType = "com.apple.product-type.framework";
		};
		FC1C393C27C6703600A24204 /* DomainTests */ = {
			isa = PBXNativeTarget;
			buildConfigurationList = FC1C394E27C6703600A24204 /* Build configuration list for PBXNativeTarget "DomainTests" */;
			buildPhases = (
				FC1C393927C6703600A24204 /* Sources */,
				FC1C393A27C6703600A24204 /* Frameworks */,
				FC1C393B27C6703600A24204 /* Resources */,
			);
			buildRules = (
			);
			dependencies = (
				FC1C394027C6703600A24204 /* PBXTargetDependency */,
				FC1C394227C6703600A24204 /* PBXTargetDependency */,
			);
			name = DomainTests;
			productName = DomainTests;
			productReference = FC1C393D27C6703600A24204 /* DomainTests.xctest */;
			productType = "com.apple.product-type.bundle.unit-test";
		};
		FC1C395527C6704600A24204 /* Infrastructure */ = {
			isa = PBXNativeTarget;
			buildConfigurationList = FC1C396D27C6704700A24204 /* Build configuration list for PBXNativeTarget "Infrastructure" */;
			buildPhases = (
				FC1C395127C6704600A24204 /* Headers */,
				FC1C395227C6704600A24204 /* Sources */,
				FC1C395327C6704600A24204 /* Frameworks */,
				FC1C395427C6704600A24204 /* Resources */,
				FC1C397827C6706400A24204 /* Embed Frameworks */,
			);
			buildRules = (
			);
			dependencies = (
				FC1C397727C6706400A24204 /* PBXTargetDependency */,
			);
			name = Infrastructure;
			packageProductDependencies = (
				FC1C3A3327C681E700A24204 /* Json */,
				FC1C3A3527C681E700A24204 /* Request */,
				FC1C3A4A27C6939500A24204 /* Injected */,
			);
			productName = Infrastructure;
			productReference = FC1C395627C6704600A24204 /* Infrastructure.framework */;
			productType = "com.apple.product-type.framework";
		};
		FC1C395E27C6704700A24204 /* InfrastructureTests */ = {
			isa = PBXNativeTarget;
			buildConfigurationList = FC1C397027C6704700A24204 /* Build configuration list for PBXNativeTarget "InfrastructureTests" */;
			buildPhases = (
				FC1C395B27C6704700A24204 /* Sources */,
				FC1C395C27C6704700A24204 /* Frameworks */,
				FC1C395D27C6704700A24204 /* Resources */,
			);
			buildRules = (
			);
			dependencies = (
				FC1C396227C6704700A24204 /* PBXTargetDependency */,
				FC1C396427C6704700A24204 /* PBXTargetDependency */,
			);
			name = InfrastructureTests;
			productName = InfrastructureTests;
			productReference = FC1C395F27C6704700A24204 /* InfrastructureTests.xctest */;
			productType = "com.apple.product-type.bundle.unit-test";
		};
/* End PBXNativeTarget section */

/* Begin PBXProject section */
		FC1C38CF27C66C4B00A24204 /* Project object */ = {
			isa = PBXProject;
			attributes = {
				BuildIndependentTargetsInParallel = 1;
				LastSwiftUpdateCheck = 1320;
				LastUpgradeCheck = 1320;
				TargetAttributes = {
					FC1C38D627C66C4B00A24204 = {
						CreatedOnToolsVersion = 13.2.1;
					};
					FC1C38EE27C6700A00A24204 = {
						CreatedOnToolsVersion = 13.2.1;
					};
					FC1C38F727C6700A00A24204 = {
						CreatedOnToolsVersion = 13.2.1;
						TestTargetID = FC1C38D627C66C4B00A24204;
					};
					FC1C391127C6701800A24204 = {
						CreatedOnToolsVersion = 13.2.1;
					};
					FC1C391A27C6701800A24204 = {
						CreatedOnToolsVersion = 13.2.1;
						TestTargetID = FC1C38D627C66C4B00A24204;
					};
					FC1C393327C6703600A24204 = {
						CreatedOnToolsVersion = 13.2.1;
					};
					FC1C393C27C6703600A24204 = {
						CreatedOnToolsVersion = 13.2.1;
						TestTargetID = FC1C38D627C66C4B00A24204;
					};
					FC1C395527C6704600A24204 = {
						CreatedOnToolsVersion = 13.2.1;
					};
					FC1C395E27C6704700A24204 = {
						CreatedOnToolsVersion = 13.2.1;
						TestTargetID = FC1C38D627C66C4B00A24204;
					};
				};
			};
			buildConfigurationList = FC1C38D227C66C4B00A24204 /* Build configuration list for PBXProject "SwiftUIApp" */;
			compatibilityVersion = "Xcode 13.0";
			developmentRegion = en;
			hasScannedForEncodings = 0;
			knownRegions = (
				en,
				Base,
				ja,
			);
			mainGroup = FC1C38CE27C66C4B00A24204;
			packageReferences = (
				FC1C3A2127C6808000A24204 /* XCRemoteSwiftPackageReference "Kingfisher" */,
				FC1C3A2427C6809000A24204 /* XCRemoteSwiftPackageReference "swift-request" */,
			);
			productRefGroup = FC1C38D827C66C4B00A24204 /* Products */;
			projectDirPath = "";
			projectRoot = "";
			targets = (
				FC1C38D627C66C4B00A24204 /* SwiftUIApp */,
				FC1C38EE27C6700A00A24204 /* Presentation */,
				FC1C38F727C6700A00A24204 /* PresentationTests */,
				FC1C391127C6701800A24204 /* Application */,
				FC1C391A27C6701800A24204 /* ApplicationTests */,
				FC1C393327C6703600A24204 /* Domain */,
				FC1C393C27C6703600A24204 /* DomainTests */,
				FC1C395527C6704600A24204 /* Infrastructure */,
				FC1C395E27C6704700A24204 /* InfrastructureTests */,
			);
		};
/* End PBXProject section */

/* Begin PBXResourcesBuildPhase section */
		FC1C38D527C66C4B00A24204 /* Resources */ = {
			isa = PBXResourcesBuildPhase;
			buildActionMask = 2147483647;
			files = (
				FC1C38E227C66C4D00A24204 /* Preview Assets.xcassets in Resources */,
				FC1C38DF27C66C4D00A24204 /* Assets.xcassets in Resources */,
			);
			runOnlyForDeploymentPostprocessing = 0;
		};
		FC1C38ED27C6700A00A24204 /* Resources */ = {
			isa = PBXResourcesBuildPhase;
			buildActionMask = 2147483647;
			files = (
				FC1C399827C67A0000A24204 /* Assets.xcassets in Resources */,
				FC1C3A4427C6843500A24204 /* Localizable.strings in Resources */,
			);
			runOnlyForDeploymentPostprocessing = 0;
		};
		FC1C38F627C6700A00A24204 /* Resources */ = {
			isa = PBXResourcesBuildPhase;
			buildActionMask = 2147483647;
			files = (
			);
			runOnlyForDeploymentPostprocessing = 0;
		};
		FC1C391027C6701800A24204 /* Resources */ = {
			isa = PBXResourcesBuildPhase;
			buildActionMask = 2147483647;
			files = (
			);
			runOnlyForDeploymentPostprocessing = 0;
		};
		FC1C391927C6701800A24204 /* Resources */ = {
			isa = PBXResourcesBuildPhase;
			buildActionMask = 2147483647;
			files = (
			);
			runOnlyForDeploymentPostprocessing = 0;
		};
		FC1C393227C6703600A24204 /* Resources */ = {
			isa = PBXResourcesBuildPhase;
			buildActionMask = 2147483647;
			files = (
			);
			runOnlyForDeploymentPostprocessing = 0;
		};
		FC1C393B27C6703600A24204 /* Resources */ = {
			isa = PBXResourcesBuildPhase;
			buildActionMask = 2147483647;
			files = (
			);
			runOnlyForDeploymentPostprocessing = 0;
		};
		FC1C395427C6704600A24204 /* Resources */ = {
			isa = PBXResourcesBuildPhase;
			buildActionMask = 2147483647;
			files = (
			);
			runOnlyForDeploymentPostprocessing = 0;
		};
		FC1C395D27C6704700A24204 /* Resources */ = {
			isa = PBXResourcesBuildPhase;
			buildActionMask = 2147483647;
			files = (
			);
			runOnlyForDeploymentPostprocessing = 0;
		};
/* End PBXResourcesBuildPhase section */

/* Begin PBXSourcesBuildPhase section */
		FC1C38D327C66C4B00A24204 /* Sources */ = {
			isa = PBXSourcesBuildPhase;
			buildActionMask = 2147483647;
			files = (
				FC1C38DB27C66C4B00A24204 /* App.swift in Sources */,
			);
			runOnlyForDeploymentPostprocessing = 0;
		};
		FC1C38EB27C6700A00A24204 /* Sources */ = {
			isa = PBXSourcesBuildPhase;
			buildActionMask = 2147483647;
			files = (
				FC1C398A27C676D400A24204 /* RepoListView.swift in Sources */,
				FC1C399A27C67ADA00A24204 /* Color+.swift in Sources */,
				FC1C38F327C6700A00A24204 /* Presentation.docc in Sources */,
				FC1C399127C677A600A24204 /* AppPreview.swift in Sources */,
				FC1C3A3827C6826B00A24204 /* View+.swift in Sources */,
				FC1C398D27C6771E00A24204 /* RepoListRow.swift in Sources */,
				FC1C3A5127C6959800A24204 /* InjectedValues+.swift in Sources */,
				FC1C399427C677DC00A24204 /* Bundle+.swift in Sources */,
				FC1C3A2E27C6815C00A24204 /* SearchNavigation.swift in Sources */,
			);
			runOnlyForDeploymentPostprocessing = 0;
		};
		FC1C38F427C6700A00A24204 /* Sources */ = {
			isa = PBXSourcesBuildPhase;
			buildActionMask = 2147483647;
			files = (
				FC1C390027C6700A00A24204 /* PresentationTests.swift in Sources */,
			);
			runOnlyForDeploymentPostprocessing = 0;
		};
		FC1C390E27C6701800A24204 /* Sources */ = {
			isa = PBXSourcesBuildPhase;
			buildActionMask = 2147483647;
			files = (
				FC1C39A227C67D3F00A24204 /* RepoListDispatcher.swift in Sources */,
				FC1C39A127C67D3F00A24204 /* RepoListActionCreator.swift in Sources */,
				FC1C391627C6701800A24204 /* Application.docc in Sources */,
				FC1C39A327C67D3F00A24204 /* RepoListAction.swift in Sources */,
				FC1C39A427C67D3F00A24204 /* RepoListStore.swift in Sources */,
				FC1C3A5327C695CE00A24204 /* InjectedValues+.swift in Sources */,
			);
			runOnlyForDeploymentPostprocessing = 0;
		};
		FC1C391727C6701800A24204 /* Sources */ = {
			isa = PBXSourcesBuildPhase;
			buildActionMask = 2147483647;
			files = (
				FC1C392327C6701800A24204 /* ApplicationTests.swift in Sources */,
			);
			runOnlyForDeploymentPostprocessing = 0;
		};
		FC1C393027C6703600A24204 /* Sources */ = {
			isa = PBXSourcesBuildPhase;
			buildActionMask = 2147483647;
			files = (
				FC1C39C427C67DC500A24204 /* Error+.swift in Sources */,
				FC1C393827C6703600A24204 /* Domain.docc in Sources */,
				FC1C39C327C67DC500A24204 /* APIError.swift in Sources */,
				FC1C39D927C67E4200A24204 /* RepoEntity.swift in Sources */,
				FC1C39D327C67E4200A24204 /* UserRepositoryProviding.swift in Sources */,
				FC1C39D427C67E4200A24204 /* UserAggregateRoot.swift in Sources */,
				FC1C39D227C67E4200A24204 /* UserEntity.swift in Sources */,
				FC1C39D827C67E4200A24204 /* RepoAggregateRoot.swift in Sources */,
				FC1C39D727C67E4200A24204 /* RepoRepositoryProviding.swift in Sources */,
			);
			runOnlyForDeploymentPostprocessing = 0;
		};
		FC1C393927C6703600A24204 /* Sources */ = {
			isa = PBXSourcesBuildPhase;
			buildActionMask = 2147483647;
			files = (
				FC1C394527C6703600A24204 /* DomainTests.swift in Sources */,
			);
			runOnlyForDeploymentPostprocessing = 0;
		};
		FC1C395227C6704600A24204 /* Sources */ = {
			isa = PBXSourcesBuildPhase;
			buildActionMask = 2147483647;
			files = (
				FC1C3A0427C67EAE00A24204 /* UserRepository.swift in Sources */,
				FC1C3A5527C6961200A24204 /* InjectedValues+.swift in Sources */,
				FC1C3A0F27C67EAE00A24204 /* APIRequestable.swift in Sources */,
				FC1C3A0A27C67EAE00A24204 /* SearchUserResponse.swift in Sources */,
				FC1C3A0D27C67EAE00A24204 /* Array+.swift in Sources */,
				FC1C395A27C6704600A24204 /* Infrastructure.docc in Sources */,
				FC1C3A0627C67EAE00A24204 /* RepoRepository.swift in Sources */,
				FC1C3A0927C67EAE00A24204 /* SearchUserRequest.swift in Sources */,
				FC1C3A0727C67EAE00A24204 /* SearchRepositoryResponse.swift in Sources */,
				FC1C3A0B27C67EAE00A24204 /* GitHubUser.swift in Sources */,
				FC1C3A0E27C67EAE00A24204 /* APIError.swift in Sources */,
				FC1C3A0C27C67EAE00A24204 /* GitHubRepository.swift in Sources */,
				FC1C3A0827C67EAE00A24204 /* SearchRepositoryRequest.swift in Sources */,
				FC1C3A1027C67EAE00A24204 /* APIClient.swift in Sources */,
				FC1C3A1127C67EAE00A24204 /* APIResponse.swift in Sources */,
			);
			runOnlyForDeploymentPostprocessing = 0;
		};
		FC1C395B27C6704700A24204 /* Sources */ = {
			isa = PBXSourcesBuildPhase;
			buildActionMask = 2147483647;
			files = (
				FC1C396727C6704700A24204 /* InfrastructureTests.swift in Sources */,
			);
			runOnlyForDeploymentPostprocessing = 0;
		};
/* End PBXSourcesBuildPhase section */

/* Begin PBXTargetDependency section */
		FC1C38FB27C6700A00A24204 /* PBXTargetDependency */ = {
			isa = PBXTargetDependency;
			target = FC1C38EE27C6700A00A24204 /* Presentation */;
			targetProxy = FC1C38FA27C6700A00A24204 /* PBXContainerItemProxy */;
		};
		FC1C38FD27C6700A00A24204 /* PBXTargetDependency */ = {
			isa = PBXTargetDependency;
			target = FC1C38D627C66C4B00A24204 /* SwiftUIApp */;
			targetProxy = FC1C38FC27C6700A00A24204 /* PBXContainerItemProxy */;
		};
		FC1C390327C6700A00A24204 /* PBXTargetDependency */ = {
			isa = PBXTargetDependency;
			target = FC1C38EE27C6700A00A24204 /* Presentation */;
			targetProxy = FC1C390227C6700A00A24204 /* PBXContainerItemProxy */;
		};
		FC1C391E27C6701800A24204 /* PBXTargetDependency */ = {
			isa = PBXTargetDependency;
			target = FC1C391127C6701800A24204 /* Application */;
			targetProxy = FC1C391D27C6701800A24204 /* PBXContainerItemProxy */;
		};
		FC1C392027C6701800A24204 /* PBXTargetDependency */ = {
			isa = PBXTargetDependency;
			target = FC1C38D627C66C4B00A24204 /* SwiftUIApp */;
			targetProxy = FC1C391F27C6701800A24204 /* PBXContainerItemProxy */;
		};
		FC1C392627C6701800A24204 /* PBXTargetDependency */ = {
			isa = PBXTargetDependency;
			target = FC1C391127C6701800A24204 /* Application */;
			targetProxy = FC1C392527C6701800A24204 /* PBXContainerItemProxy */;
		};
		FC1C394027C6703600A24204 /* PBXTargetDependency */ = {
			isa = PBXTargetDependency;
			target = FC1C393327C6703600A24204 /* Domain */;
			targetProxy = FC1C393F27C6703600A24204 /* PBXContainerItemProxy */;
		};
		FC1C394227C6703600A24204 /* PBXTargetDependency */ = {
			isa = PBXTargetDependency;
			target = FC1C38D627C66C4B00A24204 /* SwiftUIApp */;
			targetProxy = FC1C394127C6703600A24204 /* PBXContainerItemProxy */;
		};
		FC1C394827C6703600A24204 /* PBXTargetDependency */ = {
			isa = PBXTargetDependency;
			target = FC1C393327C6703600A24204 /* Domain */;
			targetProxy = FC1C394727C6703600A24204 /* PBXContainerItemProxy */;
		};
		FC1C396227C6704700A24204 /* PBXTargetDependency */ = {
			isa = PBXTargetDependency;
			target = FC1C395527C6704600A24204 /* Infrastructure */;
			targetProxy = FC1C396127C6704700A24204 /* PBXContainerItemProxy */;
		};
		FC1C396427C6704700A24204 /* PBXTargetDependency */ = {
			isa = PBXTargetDependency;
			target = FC1C38D627C66C4B00A24204 /* SwiftUIApp */;
			targetProxy = FC1C396327C6704700A24204 /* PBXContainerItemProxy */;
		};
		FC1C396A27C6704700A24204 /* PBXTargetDependency */ = {
			isa = PBXTargetDependency;
			target = FC1C395527C6704600A24204 /* Infrastructure */;
			targetProxy = FC1C396927C6704700A24204 /* PBXContainerItemProxy */;
		};
		FC1C397727C6706400A24204 /* PBXTargetDependency */ = {
			isa = PBXTargetDependency;
			target = FC1C393327C6703600A24204 /* Domain */;
			targetProxy = FC1C397627C6706400A24204 /* PBXContainerItemProxy */;
		};
		FC1C397C27C6709100A24204 /* PBXTargetDependency */ = {
			isa = PBXTargetDependency;
			target = FC1C393327C6703600A24204 /* Domain */;
			targetProxy = FC1C397B27C6709100A24204 /* PBXContainerItemProxy */;
		};
		FC1C398027C6709100A24204 /* PBXTargetDependency */ = {
			isa = PBXTargetDependency;
			target = FC1C395527C6704600A24204 /* Infrastructure */;
			targetProxy = FC1C397F27C6709100A24204 /* PBXContainerItemProxy */;
		};
		FC1C398527C6709A00A24204 /* PBXTargetDependency */ = {
			isa = PBXTargetDependency;
			target = FC1C391127C6701800A24204 /* Application */;
			targetProxy = FC1C398427C6709A00A24204 /* PBXContainerItemProxy */;
		};
/* End PBXTargetDependency section */

/* Begin PBXVariantGroup section */
		FC1C3A4627C6843500A24204 /* Localizable.strings */ = {
			isa = PBXVariantGroup;
			children = (
				FC1C3A4527C6843500A24204 /* en */,
				FC1C3A4727C6843700A24204 /* ja */,
			);
			name = Localizable.strings;
			sourceTree = "<group>";
		};
/* End PBXVariantGroup section */

/* Begin XCBuildConfiguration section */
		FC1C38E327C66C4D00A24204 /* Debug */ = {
			isa = XCBuildConfiguration;
			buildSettings = {
				ALWAYS_SEARCH_USER_PATHS = NO;
				CLANG_ANALYZER_NONNULL = YES;
				CLANG_ANALYZER_NUMBER_OBJECT_CONVERSION = YES_AGGRESSIVE;
				CLANG_CXX_LANGUAGE_STANDARD = "gnu++17";
				CLANG_CXX_LIBRARY = "libc++";
				CLANG_ENABLE_MODULES = YES;
				CLANG_ENABLE_OBJC_ARC = YES;
				CLANG_ENABLE_OBJC_WEAK = YES;
				CLANG_WARN_BLOCK_CAPTURE_AUTORELEASING = YES;
				CLANG_WARN_BOOL_CONVERSION = YES;
				CLANG_WARN_COMMA = YES;
				CLANG_WARN_CONSTANT_CONVERSION = YES;
				CLANG_WARN_DEPRECATED_OBJC_IMPLEMENTATIONS = YES;
				CLANG_WARN_DIRECT_OBJC_ISA_USAGE = YES_ERROR;
				CLANG_WARN_DOCUMENTATION_COMMENTS = YES;
				CLANG_WARN_EMPTY_BODY = YES;
				CLANG_WARN_ENUM_CONVERSION = YES;
				CLANG_WARN_INFINITE_RECURSION = YES;
				CLANG_WARN_INT_CONVERSION = YES;
				CLANG_WARN_NON_LITERAL_NULL_CONVERSION = YES;
				CLANG_WARN_OBJC_IMPLICIT_RETAIN_SELF = YES;
				CLANG_WARN_OBJC_LITERAL_CONVERSION = YES;
				CLANG_WARN_OBJC_ROOT_CLASS = YES_ERROR;
				CLANG_WARN_QUOTED_INCLUDE_IN_FRAMEWORK_HEADER = YES;
				CLANG_WARN_RANGE_LOOP_ANALYSIS = YES;
				CLANG_WARN_STRICT_PROTOTYPES = YES;
				CLANG_WARN_SUSPICIOUS_MOVE = YES;
				CLANG_WARN_UNGUARDED_AVAILABILITY = YES_AGGRESSIVE;
				CLANG_WARN_UNREACHABLE_CODE = YES;
				CLANG_WARN__DUPLICATE_METHOD_MATCH = YES;
				COPY_PHASE_STRIP = NO;
				DEBUG_INFORMATION_FORMAT = dwarf;
				ENABLE_STRICT_OBJC_MSGSEND = YES;
				ENABLE_TESTABILITY = YES;
				GCC_C_LANGUAGE_STANDARD = gnu11;
				GCC_DYNAMIC_NO_PIC = NO;
				GCC_NO_COMMON_BLOCKS = YES;
				GCC_OPTIMIZATION_LEVEL = 0;
				GCC_PREPROCESSOR_DEFINITIONS = (
					"DEBUG=1",
					"$(inherited)",
				);
				GCC_WARN_64_TO_32_BIT_CONVERSION = YES;
				GCC_WARN_ABOUT_RETURN_TYPE = YES_ERROR;
				GCC_WARN_UNDECLARED_SELECTOR = YES;
				GCC_WARN_UNINITIALIZED_AUTOS = YES_AGGRESSIVE;
				GCC_WARN_UNUSED_FUNCTION = YES;
				GCC_WARN_UNUSED_VARIABLE = YES;
				IPHONEOS_DEPLOYMENT_TARGET = 15.2;
				MTL_ENABLE_DEBUG_INFO = INCLUDE_SOURCE;
				MTL_FAST_MATH = YES;
				ONLY_ACTIVE_ARCH = YES;
				SDKROOT = iphoneos;
				SWIFT_ACTIVE_COMPILATION_CONDITIONS = DEBUG;
				SWIFT_OPTIMIZATION_LEVEL = "-Onone";
			};
			name = Debug;
		};
		FC1C38E427C66C4D00A24204 /* Release */ = {
			isa = XCBuildConfiguration;
			buildSettings = {
				ALWAYS_SEARCH_USER_PATHS = NO;
				CLANG_ANALYZER_NONNULL = YES;
				CLANG_ANALYZER_NUMBER_OBJECT_CONVERSION = YES_AGGRESSIVE;
				CLANG_CXX_LANGUAGE_STANDARD = "gnu++17";
				CLANG_CXX_LIBRARY = "libc++";
				CLANG_ENABLE_MODULES = YES;
				CLANG_ENABLE_OBJC_ARC = YES;
				CLANG_ENABLE_OBJC_WEAK = YES;
				CLANG_WARN_BLOCK_CAPTURE_AUTORELEASING = YES;
				CLANG_WARN_BOOL_CONVERSION = YES;
				CLANG_WARN_COMMA = YES;
				CLANG_WARN_CONSTANT_CONVERSION = YES;
				CLANG_WARN_DEPRECATED_OBJC_IMPLEMENTATIONS = YES;
				CLANG_WARN_DIRECT_OBJC_ISA_USAGE = YES_ERROR;
				CLANG_WARN_DOCUMENTATION_COMMENTS = YES;
				CLANG_WARN_EMPTY_BODY = YES;
				CLANG_WARN_ENUM_CONVERSION = YES;
				CLANG_WARN_INFINITE_RECURSION = YES;
				CLANG_WARN_INT_CONVERSION = YES;
				CLANG_WARN_NON_LITERAL_NULL_CONVERSION = YES;
				CLANG_WARN_OBJC_IMPLICIT_RETAIN_SELF = YES;
				CLANG_WARN_OBJC_LITERAL_CONVERSION = YES;
				CLANG_WARN_OBJC_ROOT_CLASS = YES_ERROR;
				CLANG_WARN_QUOTED_INCLUDE_IN_FRAMEWORK_HEADER = YES;
				CLANG_WARN_RANGE_LOOP_ANALYSIS = YES;
				CLANG_WARN_STRICT_PROTOTYPES = YES;
				CLANG_WARN_SUSPICIOUS_MOVE = YES;
				CLANG_WARN_UNGUARDED_AVAILABILITY = YES_AGGRESSIVE;
				CLANG_WARN_UNREACHABLE_CODE = YES;
				CLANG_WARN__DUPLICATE_METHOD_MATCH = YES;
				COPY_PHASE_STRIP = NO;
				DEBUG_INFORMATION_FORMAT = "dwarf-with-dsym";
				ENABLE_NS_ASSERTIONS = NO;
				ENABLE_STRICT_OBJC_MSGSEND = YES;
				GCC_C_LANGUAGE_STANDARD = gnu11;
				GCC_NO_COMMON_BLOCKS = YES;
				GCC_WARN_64_TO_32_BIT_CONVERSION = YES;
				GCC_WARN_ABOUT_RETURN_TYPE = YES_ERROR;
				GCC_WARN_UNDECLARED_SELECTOR = YES;
				GCC_WARN_UNINITIALIZED_AUTOS = YES_AGGRESSIVE;
				GCC_WARN_UNUSED_FUNCTION = YES;
				GCC_WARN_UNUSED_VARIABLE = YES;
				IPHONEOS_DEPLOYMENT_TARGET = 15.2;
				MTL_ENABLE_DEBUG_INFO = NO;
				MTL_FAST_MATH = YES;
				SDKROOT = iphoneos;
				SWIFT_COMPILATION_MODE = wholemodule;
				SWIFT_OPTIMIZATION_LEVEL = "-O";
				VALIDATE_PRODUCT = YES;
			};
			name = Release;
		};
		FC1C38E627C66C4D00A24204 /* Debug */ = {
			isa = XCBuildConfiguration;
			buildSettings = {
				ALWAYS_EMBED_SWIFT_STANDARD_LIBRARIES = YES;
				ASSETCATALOG_COMPILER_APPICON_NAME = AppIcon;
				ASSETCATALOG_COMPILER_GLOBAL_ACCENT_COLOR_NAME = AccentColor;
				CODE_SIGN_STYLE = Automatic;
				CURRENT_PROJECT_VERSION = 1;
				DEVELOPMENT_ASSET_PATHS = "\"SwiftUIApp/Preview Content\"";
				ENABLE_PREVIEWS = YES;
				GENERATE_INFOPLIST_FILE = YES;
				INFOPLIST_KEY_UIApplicationSceneManifest_Generation = YES;
				INFOPLIST_KEY_UIApplicationSupportsIndirectInputEvents = YES;
				INFOPLIST_KEY_UILaunchScreen_Generation = YES;
				INFOPLIST_KEY_UISupportedInterfaceOrientations_iPad = "UIInterfaceOrientationPortrait UIInterfaceOrientationPortraitUpsideDown UIInterfaceOrientationLandscapeLeft UIInterfaceOrientationLandscapeRight";
				INFOPLIST_KEY_UISupportedInterfaceOrientations_iPhone = "UIInterfaceOrientationPortrait UIInterfaceOrientationLandscapeLeft UIInterfaceOrientationLandscapeRight";
				LD_RUNPATH_SEARCH_PATHS = (
					"$(inherited)",
					"@executable_path/Frameworks",
				);
				MARKETING_VERSION = 1.0;
				PRODUCT_BUNDLE_IDENTIFIER = jp.yuoku.SwiftUIApp;
				PRODUCT_NAME = "$(TARGET_NAME)";
				SWIFT_EMIT_LOC_STRINGS = YES;
				SWIFT_VERSION = 5.0;
				TARGETED_DEVICE_FAMILY = "1,2";
			};
			name = Debug;
		};
		FC1C38E727C66C4D00A24204 /* Release */ = {
			isa = XCBuildConfiguration;
			buildSettings = {
				ALWAYS_EMBED_SWIFT_STANDARD_LIBRARIES = YES;
				ASSETCATALOG_COMPILER_APPICON_NAME = AppIcon;
				ASSETCATALOG_COMPILER_GLOBAL_ACCENT_COLOR_NAME = AccentColor;
				CODE_SIGN_STYLE = Automatic;
				CURRENT_PROJECT_VERSION = 1;
				DEVELOPMENT_ASSET_PATHS = "\"SwiftUIApp/Preview Content\"";
				ENABLE_PREVIEWS = YES;
				GENERATE_INFOPLIST_FILE = YES;
				INFOPLIST_KEY_UIApplicationSceneManifest_Generation = YES;
				INFOPLIST_KEY_UIApplicationSupportsIndirectInputEvents = YES;
				INFOPLIST_KEY_UILaunchScreen_Generation = YES;
				INFOPLIST_KEY_UISupportedInterfaceOrientations_iPad = "UIInterfaceOrientationPortrait UIInterfaceOrientationPortraitUpsideDown UIInterfaceOrientationLandscapeLeft UIInterfaceOrientationLandscapeRight";
				INFOPLIST_KEY_UISupportedInterfaceOrientations_iPhone = "UIInterfaceOrientationPortrait UIInterfaceOrientationLandscapeLeft UIInterfaceOrientationLandscapeRight";
				LD_RUNPATH_SEARCH_PATHS = (
					"$(inherited)",
					"@executable_path/Frameworks",
				);
				MARKETING_VERSION = 1.0;
				PRODUCT_BUNDLE_IDENTIFIER = jp.yuoku.SwiftUIApp;
				PRODUCT_NAME = "$(TARGET_NAME)";
				SWIFT_EMIT_LOC_STRINGS = YES;
				SWIFT_VERSION = 5.0;
				TARGETED_DEVICE_FAMILY = "1,2";
			};
			name = Release;
		};
		FC1C390727C6700A00A24204 /* Debug */ = {
			isa = XCBuildConfiguration;
			buildSettings = {
				CODE_SIGN_STYLE = Automatic;
				CURRENT_PROJECT_VERSION = 1;
				DEFINES_MODULE = YES;
				DYLIB_COMPATIBILITY_VERSION = 1;
				DYLIB_CURRENT_VERSION = 1;
				DYLIB_INSTALL_NAME_BASE = "@rpath";
				GENERATE_INFOPLIST_FILE = YES;
				INFOPLIST_KEY_NSHumanReadableCopyright = "";
				INSTALL_PATH = "$(LOCAL_LIBRARY_DIR)/Frameworks";
				LD_RUNPATH_SEARCH_PATHS = (
					"$(inherited)",
					"@executable_path/Frameworks",
					"@loader_path/Frameworks",
				);
				MARKETING_VERSION = 1.0;
				PRODUCT_BUNDLE_IDENTIFIER = jp.yuoku.Presentation;
				PRODUCT_NAME = "$(TARGET_NAME:c99extidentifier)";
				SKIP_INSTALL = YES;
				SWIFT_EMIT_LOC_STRINGS = YES;
				SWIFT_VERSION = 5.0;
				TARGETED_DEVICE_FAMILY = "1,2";
				VERSIONING_SYSTEM = "apple-generic";
				VERSION_INFO_PREFIX = "";
			};
			name = Debug;
		};
		FC1C390827C6700A00A24204 /* Release */ = {
			isa = XCBuildConfiguration;
			buildSettings = {
				CODE_SIGN_STYLE = Automatic;
				CURRENT_PROJECT_VERSION = 1;
				DEFINES_MODULE = YES;
				DYLIB_COMPATIBILITY_VERSION = 1;
				DYLIB_CURRENT_VERSION = 1;
				DYLIB_INSTALL_NAME_BASE = "@rpath";
				GENERATE_INFOPLIST_FILE = YES;
				INFOPLIST_KEY_NSHumanReadableCopyright = "";
				INSTALL_PATH = "$(LOCAL_LIBRARY_DIR)/Frameworks";
				LD_RUNPATH_SEARCH_PATHS = (
					"$(inherited)",
					"@executable_path/Frameworks",
					"@loader_path/Frameworks",
				);
				MARKETING_VERSION = 1.0;
				PRODUCT_BUNDLE_IDENTIFIER = jp.yuoku.Presentation;
				PRODUCT_NAME = "$(TARGET_NAME:c99extidentifier)";
				SKIP_INSTALL = YES;
				SWIFT_EMIT_LOC_STRINGS = YES;
				SWIFT_VERSION = 5.0;
				TARGETED_DEVICE_FAMILY = "1,2";
				VERSIONING_SYSTEM = "apple-generic";
				VERSION_INFO_PREFIX = "";
			};
			name = Release;
		};
		FC1C390B27C6700A00A24204 /* Debug */ = {
			isa = XCBuildConfiguration;
			buildSettings = {
				ALWAYS_EMBED_SWIFT_STANDARD_LIBRARIES = YES;
				CODE_SIGN_STYLE = Automatic;
				CURRENT_PROJECT_VERSION = 1;
				GENERATE_INFOPLIST_FILE = YES;
				MARKETING_VERSION = 1.0;
				PRODUCT_BUNDLE_IDENTIFIER = jp.yuoku.PresentationTests;
				PRODUCT_NAME = "$(TARGET_NAME)";
				SWIFT_EMIT_LOC_STRINGS = NO;
				SWIFT_VERSION = 5.0;
				TARGETED_DEVICE_FAMILY = "1,2";
				TEST_HOST = "$(BUILT_PRODUCTS_DIR)/SwiftUIApp.app/SwiftUIApp";
			};
			name = Debug;
		};
		FC1C390C27C6700A00A24204 /* Release */ = {
			isa = XCBuildConfiguration;
			buildSettings = {
				ALWAYS_EMBED_SWIFT_STANDARD_LIBRARIES = YES;
				CODE_SIGN_STYLE = Automatic;
				CURRENT_PROJECT_VERSION = 1;
				GENERATE_INFOPLIST_FILE = YES;
				MARKETING_VERSION = 1.0;
				PRODUCT_BUNDLE_IDENTIFIER = jp.yuoku.PresentationTests;
				PRODUCT_NAME = "$(TARGET_NAME)";
				SWIFT_EMIT_LOC_STRINGS = NO;
				SWIFT_VERSION = 5.0;
				TARGETED_DEVICE_FAMILY = "1,2";
				TEST_HOST = "$(BUILT_PRODUCTS_DIR)/SwiftUIApp.app/SwiftUIApp";
			};
			name = Release;
		};
		FC1C392A27C6701800A24204 /* Debug */ = {
			isa = XCBuildConfiguration;
			buildSettings = {
				CODE_SIGN_STYLE = Automatic;
				CURRENT_PROJECT_VERSION = 1;
				DEFINES_MODULE = YES;
				DYLIB_COMPATIBILITY_VERSION = 1;
				DYLIB_CURRENT_VERSION = 1;
				DYLIB_INSTALL_NAME_BASE = "@rpath";
				GENERATE_INFOPLIST_FILE = YES;
				INFOPLIST_KEY_NSHumanReadableCopyright = "";
				INSTALL_PATH = "$(LOCAL_LIBRARY_DIR)/Frameworks";
				LD_RUNPATH_SEARCH_PATHS = (
					"$(inherited)",
					"@executable_path/Frameworks",
					"@loader_path/Frameworks",
				);
				MARKETING_VERSION = 1.0;
				PRODUCT_BUNDLE_IDENTIFIER = jp.yuoku.Application;
				PRODUCT_NAME = "$(TARGET_NAME:c99extidentifier)";
				SKIP_INSTALL = YES;
				SWIFT_EMIT_LOC_STRINGS = YES;
				SWIFT_VERSION = 5.0;
				TARGETED_DEVICE_FAMILY = "1,2";
				VERSIONING_SYSTEM = "apple-generic";
				VERSION_INFO_PREFIX = "";
			};
			name = Debug;
		};
		FC1C392B27C6701800A24204 /* Release */ = {
			isa = XCBuildConfiguration;
			buildSettings = {
				CODE_SIGN_STYLE = Automatic;
				CURRENT_PROJECT_VERSION = 1;
				DEFINES_MODULE = YES;
				DYLIB_COMPATIBILITY_VERSION = 1;
				DYLIB_CURRENT_VERSION = 1;
				DYLIB_INSTALL_NAME_BASE = "@rpath";
				GENERATE_INFOPLIST_FILE = YES;
				INFOPLIST_KEY_NSHumanReadableCopyright = "";
				INSTALL_PATH = "$(LOCAL_LIBRARY_DIR)/Frameworks";
				LD_RUNPATH_SEARCH_PATHS = (
					"$(inherited)",
					"@executable_path/Frameworks",
					"@loader_path/Frameworks",
				);
				MARKETING_VERSION = 1.0;
				PRODUCT_BUNDLE_IDENTIFIER = jp.yuoku.Application;
				PRODUCT_NAME = "$(TARGET_NAME:c99extidentifier)";
				SKIP_INSTALL = YES;
				SWIFT_EMIT_LOC_STRINGS = YES;
				SWIFT_VERSION = 5.0;
				TARGETED_DEVICE_FAMILY = "1,2";
				VERSIONING_SYSTEM = "apple-generic";
				VERSION_INFO_PREFIX = "";
			};
			name = Release;
		};
		FC1C392D27C6701800A24204 /* Debug */ = {
			isa = XCBuildConfiguration;
			buildSettings = {
				ALWAYS_EMBED_SWIFT_STANDARD_LIBRARIES = YES;
				CODE_SIGN_STYLE = Automatic;
				CURRENT_PROJECT_VERSION = 1;
				GENERATE_INFOPLIST_FILE = YES;
				MARKETING_VERSION = 1.0;
				PRODUCT_BUNDLE_IDENTIFIER = jp.yuoku.ApplicationTests;
				PRODUCT_NAME = "$(TARGET_NAME)";
				SWIFT_EMIT_LOC_STRINGS = NO;
				SWIFT_VERSION = 5.0;
				TARGETED_DEVICE_FAMILY = "1,2";
				TEST_HOST = "$(BUILT_PRODUCTS_DIR)/SwiftUIApp.app/SwiftUIApp";
			};
			name = Debug;
		};
		FC1C392E27C6701800A24204 /* Release */ = {
			isa = XCBuildConfiguration;
			buildSettings = {
				ALWAYS_EMBED_SWIFT_STANDARD_LIBRARIES = YES;
				CODE_SIGN_STYLE = Automatic;
				CURRENT_PROJECT_VERSION = 1;
				GENERATE_INFOPLIST_FILE = YES;
				MARKETING_VERSION = 1.0;
				PRODUCT_BUNDLE_IDENTIFIER = jp.yuoku.ApplicationTests;
				PRODUCT_NAME = "$(TARGET_NAME)";
				SWIFT_EMIT_LOC_STRINGS = NO;
				SWIFT_VERSION = 5.0;
				TARGETED_DEVICE_FAMILY = "1,2";
				TEST_HOST = "$(BUILT_PRODUCTS_DIR)/SwiftUIApp.app/SwiftUIApp";
			};
			name = Release;
		};
		FC1C394C27C6703600A24204 /* Debug */ = {
			isa = XCBuildConfiguration;
			buildSettings = {
				CODE_SIGN_STYLE = Automatic;
				CURRENT_PROJECT_VERSION = 1;
				DEFINES_MODULE = YES;
				DYLIB_COMPATIBILITY_VERSION = 1;
				DYLIB_CURRENT_VERSION = 1;
				DYLIB_INSTALL_NAME_BASE = "@rpath";
				GENERATE_INFOPLIST_FILE = YES;
				INFOPLIST_KEY_NSHumanReadableCopyright = "";
				INSTALL_PATH = "$(LOCAL_LIBRARY_DIR)/Frameworks";
				LD_RUNPATH_SEARCH_PATHS = (
					"$(inherited)",
					"@executable_path/Frameworks",
					"@loader_path/Frameworks",
				);
				MARKETING_VERSION = 1.0;
				PRODUCT_BUNDLE_IDENTIFIER = jp.yuoku.Domain;
				PRODUCT_NAME = "$(TARGET_NAME:c99extidentifier)";
				SKIP_INSTALL = YES;
				SWIFT_EMIT_LOC_STRINGS = YES;
				SWIFT_VERSION = 5.0;
				TARGETED_DEVICE_FAMILY = "1,2";
				VERSIONING_SYSTEM = "apple-generic";
				VERSION_INFO_PREFIX = "";
			};
			name = Debug;
		};
		FC1C394D27C6703600A24204 /* Release */ = {
			isa = XCBuildConfiguration;
			buildSettings = {
				CODE_SIGN_STYLE = Automatic;
				CURRENT_PROJECT_VERSION = 1;
				DEFINES_MODULE = YES;
				DYLIB_COMPATIBILITY_VERSION = 1;
				DYLIB_CURRENT_VERSION = 1;
				DYLIB_INSTALL_NAME_BASE = "@rpath";
				GENERATE_INFOPLIST_FILE = YES;
				INFOPLIST_KEY_NSHumanReadableCopyright = "";
				INSTALL_PATH = "$(LOCAL_LIBRARY_DIR)/Frameworks";
				LD_RUNPATH_SEARCH_PATHS = (
					"$(inherited)",
					"@executable_path/Frameworks",
					"@loader_path/Frameworks",
				);
				MARKETING_VERSION = 1.0;
				PRODUCT_BUNDLE_IDENTIFIER = jp.yuoku.Domain;
				PRODUCT_NAME = "$(TARGET_NAME:c99extidentifier)";
				SKIP_INSTALL = YES;
				SWIFT_EMIT_LOC_STRINGS = YES;
				SWIFT_VERSION = 5.0;
				TARGETED_DEVICE_FAMILY = "1,2";
				VERSIONING_SYSTEM = "apple-generic";
				VERSION_INFO_PREFIX = "";
			};
			name = Release;
		};
		FC1C394F27C6703600A24204 /* Debug */ = {
			isa = XCBuildConfiguration;
			buildSettings = {
				ALWAYS_EMBED_SWIFT_STANDARD_LIBRARIES = YES;
				CODE_SIGN_STYLE = Automatic;
				CURRENT_PROJECT_VERSION = 1;
				GENERATE_INFOPLIST_FILE = YES;
				MARKETING_VERSION = 1.0;
				PRODUCT_BUNDLE_IDENTIFIER = jp.yuoku.DomainTests;
				PRODUCT_NAME = "$(TARGET_NAME)";
				SWIFT_EMIT_LOC_STRINGS = NO;
				SWIFT_VERSION = 5.0;
				TARGETED_DEVICE_FAMILY = "1,2";
				TEST_HOST = "$(BUILT_PRODUCTS_DIR)/SwiftUIApp.app/SwiftUIApp";
			};
			name = Debug;
		};
		FC1C395027C6703600A24204 /* Release */ = {
			isa = XCBuildConfiguration;
			buildSettings = {
				ALWAYS_EMBED_SWIFT_STANDARD_LIBRARIES = YES;
				CODE_SIGN_STYLE = Automatic;
				CURRENT_PROJECT_VERSION = 1;
				GENERATE_INFOPLIST_FILE = YES;
				MARKETING_VERSION = 1.0;
				PRODUCT_BUNDLE_IDENTIFIER = jp.yuoku.DomainTests;
				PRODUCT_NAME = "$(TARGET_NAME)";
				SWIFT_EMIT_LOC_STRINGS = NO;
				SWIFT_VERSION = 5.0;
				TARGETED_DEVICE_FAMILY = "1,2";
				TEST_HOST = "$(BUILT_PRODUCTS_DIR)/SwiftUIApp.app/SwiftUIApp";
			};
			name = Release;
		};
		FC1C396E27C6704700A24204 /* Debug */ = {
			isa = XCBuildConfiguration;
			buildSettings = {
				CODE_SIGN_STYLE = Automatic;
				CURRENT_PROJECT_VERSION = 1;
				DEFINES_MODULE = YES;
				DYLIB_COMPATIBILITY_VERSION = 1;
				DYLIB_CURRENT_VERSION = 1;
				DYLIB_INSTALL_NAME_BASE = "@rpath";
				GENERATE_INFOPLIST_FILE = YES;
				INFOPLIST_KEY_NSHumanReadableCopyright = "";
				INSTALL_PATH = "$(LOCAL_LIBRARY_DIR)/Frameworks";
				LD_RUNPATH_SEARCH_PATHS = (
					"$(inherited)",
					"@executable_path/Frameworks",
					"@loader_path/Frameworks",
				);
				MARKETING_VERSION = 1.0;
				PRODUCT_BUNDLE_IDENTIFIER = jp.yuoku.Infrastructure;
				PRODUCT_NAME = "$(TARGET_NAME:c99extidentifier)";
				SKIP_INSTALL = YES;
				SWIFT_EMIT_LOC_STRINGS = YES;
				SWIFT_VERSION = 5.0;
				TARGETED_DEVICE_FAMILY = "1,2";
				VERSIONING_SYSTEM = "apple-generic";
				VERSION_INFO_PREFIX = "";
			};
			name = Debug;
		};
		FC1C396F27C6704700A24204 /* Release */ = {
			isa = XCBuildConfiguration;
			buildSettings = {
				CODE_SIGN_STYLE = Automatic;
				CURRENT_PROJECT_VERSION = 1;
				DEFINES_MODULE = YES;
				DYLIB_COMPATIBILITY_VERSION = 1;
				DYLIB_CURRENT_VERSION = 1;
				DYLIB_INSTALL_NAME_BASE = "@rpath";
				GENERATE_INFOPLIST_FILE = YES;
				INFOPLIST_KEY_NSHumanReadableCopyright = "";
				INSTALL_PATH = "$(LOCAL_LIBRARY_DIR)/Frameworks";
				LD_RUNPATH_SEARCH_PATHS = (
					"$(inherited)",
					"@executable_path/Frameworks",
					"@loader_path/Frameworks",
				);
				MARKETING_VERSION = 1.0;
				PRODUCT_BUNDLE_IDENTIFIER = jp.yuoku.Infrastructure;
				PRODUCT_NAME = "$(TARGET_NAME:c99extidentifier)";
				SKIP_INSTALL = YES;
				SWIFT_EMIT_LOC_STRINGS = YES;
				SWIFT_VERSION = 5.0;
				TARGETED_DEVICE_FAMILY = "1,2";
				VERSIONING_SYSTEM = "apple-generic";
				VERSION_INFO_PREFIX = "";
			};
			name = Release;
		};
		FC1C397127C6704700A24204 /* Debug */ = {
			isa = XCBuildConfiguration;
			buildSettings = {
				ALWAYS_EMBED_SWIFT_STANDARD_LIBRARIES = YES;
				CODE_SIGN_STYLE = Automatic;
				CURRENT_PROJECT_VERSION = 1;
				GENERATE_INFOPLIST_FILE = YES;
				MARKETING_VERSION = 1.0;
				PRODUCT_BUNDLE_IDENTIFIER = jp.yuoku.InfrastructureTests;
				PRODUCT_NAME = "$(TARGET_NAME)";
				SWIFT_EMIT_LOC_STRINGS = NO;
				SWIFT_VERSION = 5.0;
				TARGETED_DEVICE_FAMILY = "1,2";
				TEST_HOST = "$(BUILT_PRODUCTS_DIR)/SwiftUIApp.app/SwiftUIApp";
			};
			name = Debug;
		};
		FC1C397227C6704700A24204 /* Release */ = {
			isa = XCBuildConfiguration;
			buildSettings = {
				ALWAYS_EMBED_SWIFT_STANDARD_LIBRARIES = YES;
				CODE_SIGN_STYLE = Automatic;
				CURRENT_PROJECT_VERSION = 1;
				GENERATE_INFOPLIST_FILE = YES;
				MARKETING_VERSION = 1.0;
				PRODUCT_BUNDLE_IDENTIFIER = jp.yuoku.InfrastructureTests;
				PRODUCT_NAME = "$(TARGET_NAME)";
				SWIFT_EMIT_LOC_STRINGS = NO;
				SWIFT_VERSION = 5.0;
				TARGETED_DEVICE_FAMILY = "1,2";
				TEST_HOST = "$(BUILT_PRODUCTS_DIR)/SwiftUIApp.app/SwiftUIApp";
			};
			name = Release;
		};
/* End XCBuildConfiguration section */

/* Begin XCConfigurationList section */
		FC1C38D227C66C4B00A24204 /* Build configuration list for PBXProject "SwiftUIApp" */ = {
			isa = XCConfigurationList;
			buildConfigurations = (
				FC1C38E327C66C4D00A24204 /* Debug */,
				FC1C38E427C66C4D00A24204 /* Release */,
			);
			defaultConfigurationIsVisible = 0;
			defaultConfigurationName = Release;
		};
		FC1C38E527C66C4D00A24204 /* Build configuration list for PBXNativeTarget "SwiftUIApp" */ = {
			isa = XCConfigurationList;
			buildConfigurations = (
				FC1C38E627C66C4D00A24204 /* Debug */,
				FC1C38E727C66C4D00A24204 /* Release */,
			);
			defaultConfigurationIsVisible = 0;
			defaultConfigurationName = Release;
		};
		FC1C390627C6700A00A24204 /* Build configuration list for PBXNativeTarget "Presentation" */ = {
			isa = XCConfigurationList;
			buildConfigurations = (
				FC1C390727C6700A00A24204 /* Debug */,
				FC1C390827C6700A00A24204 /* Release */,
			);
			defaultConfigurationIsVisible = 0;
			defaultConfigurationName = Release;
		};
		FC1C390A27C6700A00A24204 /* Build configuration list for PBXNativeTarget "PresentationTests" */ = {
			isa = XCConfigurationList;
			buildConfigurations = (
				FC1C390B27C6700A00A24204 /* Debug */,
				FC1C390C27C6700A00A24204 /* Release */,
			);
			defaultConfigurationIsVisible = 0;
			defaultConfigurationName = Release;
		};
		FC1C392927C6701800A24204 /* Build configuration list for PBXNativeTarget "Application" */ = {
			isa = XCConfigurationList;
			buildConfigurations = (
				FC1C392A27C6701800A24204 /* Debug */,
				FC1C392B27C6701800A24204 /* Release */,
			);
			defaultConfigurationIsVisible = 0;
			defaultConfigurationName = Release;
		};
		FC1C392C27C6701800A24204 /* Build configuration list for PBXNativeTarget "ApplicationTests" */ = {
			isa = XCConfigurationList;
			buildConfigurations = (
				FC1C392D27C6701800A24204 /* Debug */,
				FC1C392E27C6701800A24204 /* Release */,
			);
			defaultConfigurationIsVisible = 0;
			defaultConfigurationName = Release;
		};
		FC1C394B27C6703600A24204 /* Build configuration list for PBXNativeTarget "Domain" */ = {
			isa = XCConfigurationList;
			buildConfigurations = (
				FC1C394C27C6703600A24204 /* Debug */,
				FC1C394D27C6703600A24204 /* Release */,
			);
			defaultConfigurationIsVisible = 0;
			defaultConfigurationName = Release;
		};
		FC1C394E27C6703600A24204 /* Build configuration list for PBXNativeTarget "DomainTests" */ = {
			isa = XCConfigurationList;
			buildConfigurations = (
				FC1C394F27C6703600A24204 /* Debug */,
				FC1C395027C6703600A24204 /* Release */,
			);
			defaultConfigurationIsVisible = 0;
			defaultConfigurationName = Release;
		};
		FC1C396D27C6704700A24204 /* Build configuration list for PBXNativeTarget "Infrastructure" */ = {
			isa = XCConfigurationList;
			buildConfigurations = (
				FC1C396E27C6704700A24204 /* Debug */,
				FC1C396F27C6704700A24204 /* Release */,
			);
			defaultConfigurationIsVisible = 0;
			defaultConfigurationName = Release;
		};
		FC1C397027C6704700A24204 /* Build configuration list for PBXNativeTarget "InfrastructureTests" */ = {
			isa = XCConfigurationList;
			buildConfigurations = (
				FC1C397127C6704700A24204 /* Debug */,
				FC1C397227C6704700A24204 /* Release */,
			);
			defaultConfigurationIsVisible = 0;
			defaultConfigurationName = Release;
		};
/* End XCConfigurationList section */

/* Begin XCRemoteSwiftPackageReference section */
		FC1C3A2127C6808000A24204 /* XCRemoteSwiftPackageReference "Kingfisher" */ = {
			isa = XCRemoteSwiftPackageReference;
			repositoryURL = "https://github.com/onevcat/Kingfisher";
			requirement = {
				kind = exactVersion;
				version = 7.1.2;
			};
		};
		FC1C3A2427C6809000A24204 /* XCRemoteSwiftPackageReference "swift-request" */ = {
			isa = XCRemoteSwiftPackageReference;
			repositoryURL = "https://github.com/carson-katri/swift-request";
			requirement = {
				kind = exactVersion;
				version = 1.4.0;
			};
		};
/* End XCRemoteSwiftPackageReference section */

/* Begin XCSwiftPackageProductDependency section */
		FC1C3A2227C6808000A24204 /* Kingfisher */ = {
			isa = XCSwiftPackageProductDependency;
			package = FC1C3A2127C6808000A24204 /* XCRemoteSwiftPackageReference "Kingfisher" */;
			productName = Kingfisher;
		};
		FC1C3A2527C6809000A24204 /* Json */ = {
			isa = XCSwiftPackageProductDependency;
			package = FC1C3A2427C6809000A24204 /* XCRemoteSwiftPackageReference "swift-request" */;
			productName = Json;
		};
		FC1C3A2727C6809000A24204 /* Request */ = {
			isa = XCSwiftPackageProductDependency;
			package = FC1C3A2427C6809000A24204 /* XCRemoteSwiftPackageReference "swift-request" */;
			productName = Request;
		};
		FC1C3A3327C681E700A24204 /* Json */ = {
			isa = XCSwiftPackageProductDependency;
			package = FC1C3A2427C6809000A24204 /* XCRemoteSwiftPackageReference "swift-request" */;
			productName = Json;
		};
		FC1C3A3527C681E700A24204 /* Request */ = {
			isa = XCSwiftPackageProductDependency;
			package = FC1C3A2427C6809000A24204 /* XCRemoteSwiftPackageReference "swift-request" */;
			productName = Request;
		};
		FC1C3A4A27C6939500A24204 /* Injected */ = {
			isa = XCSwiftPackageProductDependency;
			productName = Injected;
		};
		FC1C3A4C27C693A600A24204 /* Injected */ = {
			isa = XCSwiftPackageProductDependency;
			productName = Injected;
		};
		FC1C3A4E27C693AC00A24204 /* Injected */ = {
			isa = XCSwiftPackageProductDependency;
			productName = Injected;
		};
/* End XCSwiftPackageProductDependency section */
	};
	rootObject = FC1C38CF27C66C4B00A24204 /* Project object */;
}
