{
  "object": {
    "pins": [
      {
        "package": "Request",
        "repositoryURL": "https://github.com/carson-katri/swift-request",
        "state": {
          "branch": null,
          "revision": "6266d884d7ded618cceb0e0920431be4d6f4c4aa",
          "version": "1.4.0"
        }
      }
    ]
  },
  "version": 1
}
